// !$*UTF8*$!
{
	archiveVersion = 1;
	classes = {
	};
	objectVersion = 46;
	objects = {

/* Begin PBXBuildFile section */
		07825BDA1FBFF131004A7B30 /* ModelRatingData.swift in Sources */ = {isa = PBXBuildFile; fileRef = 07825BD81FBFF131004A7B30 /* ModelRatingData.swift */; };
		07825BDB1FBFF131004A7B30 /* RatingListMain.swift in Sources */ = {isa = PBXBuildFile; fileRef = 07825BD91FBFF131004A7B30 /* RatingListMain.swift */; };
		07825BDD1FBFF1A1004A7B30 /* RatingListViewController.swift in Sources */ = {isa = PBXBuildFile; fileRef = 07825BDC1FBFF1A1004A7B30 /* RatingListViewController.swift */; };
		0784308D1F8C665B000368EB /* APIService.swift in Sources */ = {isa = PBXBuildFile; fileRef = 078430891F8C665B000368EB /* APIService.swift */; };
		0784308E1F8C665B000368EB /* APISessionService.swift in Sources */ = {isa = PBXBuildFile; fileRef = 0784308A1F8C665B000368EB /* APISessionService.swift */; };
		0784308F1F8C665B000368EB /* NetworkService.swift in Sources */ = {isa = PBXBuildFile; fileRef = 0784308B1F8C665B000368EB /* NetworkService.swift */; };
		078430901F8C665B000368EB /* Reachability.swift in Sources */ = {isa = PBXBuildFile; fileRef = 0784308C1F8C665B000368EB /* Reachability.swift */; };
		078F45E21F8D27D600F8BE2F /* AppdelegateExtension.swift in Sources */ = {isa = PBXBuildFile; fileRef = 078F45E11F8D27D600F8BE2F /* AppdelegateExtension.swift */; };
		078F45E61F8D43DE00F8BE2F /* LoginViewController.swift in Sources */ = {isa = PBXBuildFile; fileRef = 078F45E51F8D43DE00F8BE2F /* LoginViewController.swift */; };
		078F45EB1F8D464B00F8BE2F /* SignupViewController.swift in Sources */ = {isa = PBXBuildFile; fileRef = 078F45EA1F8D464B00F8BE2F /* SignupViewController.swift */; };
		078F45EF1F8DC1B300F8BE2F /* LoginViewModel.swift in Sources */ = {isa = PBXBuildFile; fileRef = 078F45EE1F8DC1B300F8BE2F /* LoginViewModel.swift */; };
		078F45F11F8DC25400F8BE2F /* ResultModel.swift in Sources */ = {isa = PBXBuildFile; fileRef = 078F45F01F8DC25400F8BE2F /* ResultModel.swift */; };
		078F45F31F8DC53D00F8BE2F /* TextFieldExtension.swift in Sources */ = {isa = PBXBuildFile; fileRef = 078F45F21F8DC53D00F8BE2F /* TextFieldExtension.swift */; };
		078F45F51F8DC66400F8BE2F /* LoginViewControllerExtension.swift in Sources */ = {isa = PBXBuildFile; fileRef = 078F45F41F8DC66400F8BE2F /* LoginViewControllerExtension.swift */; };
		078F45F71F8DC85100F8BE2F /* SignupViewControllerExtension.swift in Sources */ = {isa = PBXBuildFile; fileRef = 078F45F61F8DC85100F8BE2F /* SignupViewControllerExtension.swift */; };
		078F45F91F8DC87E00F8BE2F /* SignupViewModel.swift in Sources */ = {isa = PBXBuildFile; fileRef = 078F45F81F8DC87E00F8BE2F /* SignupViewModel.swift */; };
		078F45FB1F8FD8D200F8BE2F /* ConstantMethods.swift in Sources */ = {isa = PBXBuildFile; fileRef = 078F45FA1F8FD8D200F8BE2F /* ConstantMethods.swift */; };
		078F45FE1F92278500F8BE2F /* UIButtonExtension.swift in Sources */ = {isa = PBXBuildFile; fileRef = 078F45FD1F92278500F8BE2F /* UIButtonExtension.swift */; };
		078F46021F952D4400F8BE2F /* NavigationBar.swift in Sources */ = {isa = PBXBuildFile; fileRef = 078F46011F952D4400F8BE2F /* NavigationBar.swift */; };
		078F46041F952FCC00F8BE2F /* HomeViewController.swift in Sources */ = {isa = PBXBuildFile; fileRef = 078F46031F952FCC00F8BE2F /* HomeViewController.swift */; };
		078F46071F953CC500F8BE2F /* ChangePasswordViewController.swift in Sources */ = {isa = PBXBuildFile; fileRef = 078F46061F953CC500F8BE2F /* ChangePasswordViewController.swift */; };
		078F460B1F959CF800F8BE2F /* ModelLogin.swift in Sources */ = {isa = PBXBuildFile; fileRef = 078F46081F959CF800F8BE2F /* ModelLogin.swift */; };
		078F460C1F959CF800F8BE2F /* ModelLoginData.swift in Sources */ = {isa = PBXBuildFile; fileRef = 078F46091F959CF800F8BE2F /* ModelLoginData.swift */; };
		078F460D1F959CF800F8BE2F /* ModelUser.swift in Sources */ = {isa = PBXBuildFile; fileRef = 078F460A1F959CF800F8BE2F /* ModelUser.swift */; };
		078F460F1F9B918400F8BE2F /* ChangePasswordViewModel.swift in Sources */ = {isa = PBXBuildFile; fileRef = 078F460E1F9B918400F8BE2F /* ChangePasswordViewModel.swift */; };
		078F46111F9B920C00F8BE2F /* ChangePasswordViewControllerExtension.swift in Sources */ = {isa = PBXBuildFile; fileRef = 078F46101F9B920C00F8BE2F /* ChangePasswordViewControllerExtension.swift */; };
		078F461A1F9C909A00F8BE2F /* UIColorExtension.swift in Sources */ = {isa = PBXBuildFile; fileRef = 078F46191F9C909A00F8BE2F /* UIColorExtension.swift */; };
		078F46541F9CCB0400F8BE2F /* TableviewCellRegister.swift in Sources */ = {isa = PBXBuildFile; fileRef = 078F46531F9CCB0400F8BE2F /* TableviewCellRegister.swift */; };
		078F46591F9CDA2600F8BE2F /* STVSegmentButton.swift in Sources */ = {isa = PBXBuildFile; fileRef = 078F46561F9CDA2600F8BE2F /* STVSegmentButton.swift */; };
		078F465A1F9CDA2600F8BE2F /* STVSegmentButtonCell.swift in Sources */ = {isa = PBXBuildFile; fileRef = 078F46571F9CDA2600F8BE2F /* STVSegmentButtonCell.swift */; };
		078F465B1F9CDA2600F8BE2F /* STVSegmentButtonCell.xib in Resources */ = {isa = PBXBuildFile; fileRef = 078F46581F9CDA2600F8BE2F /* STVSegmentButtonCell.xib */; };
		078F465E1F9D106300F8BE2F /* HomeCollectionView.swift in Sources */ = {isa = PBXBuildFile; fileRef = 078F465D1F9D106300F8BE2F /* HomeCollectionView.swift */; };
		078F46671F9E5FE200F8BE2F /* FlashCollectionViewCell.swift in Sources */ = {isa = PBXBuildFile; fileRef = 078F46651F9E5FE200F8BE2F /* FlashCollectionViewCell.swift */; };
		078F46681F9E5FE200F8BE2F /* FlashCollectionViewCell.xib in Resources */ = {isa = PBXBuildFile; fileRef = 078F46661F9E5FE200F8BE2F /* FlashCollectionViewCell.xib */; };
		078F466B1F9E600300F8BE2F /* ListingCollectionViewCell.swift in Sources */ = {isa = PBXBuildFile; fileRef = 078F46691F9E600300F8BE2F /* ListingCollectionViewCell.swift */; };
		078F466C1F9E600300F8BE2F /* ListingCollectionViewCell.xib in Resources */ = {isa = PBXBuildFile; fileRef = 078F466A1F9E600300F8BE2F /* ListingCollectionViewCell.xib */; };
		078F466F1F9E601F00F8BE2F /* BulletineCollectionViewCell.swift in Sources */ = {isa = PBXBuildFile; fileRef = 078F466D1F9E601F00F8BE2F /* BulletineCollectionViewCell.swift */; };
		078F46701F9E601F00F8BE2F /* BulletineCollectionViewCell.xib in Resources */ = {isa = PBXBuildFile; fileRef = 078F466E1F9E601F00F8BE2F /* BulletineCollectionViewCell.xib */; };
		078F46731F9E603000F8BE2F /* JobCollectionViewCell.swift in Sources */ = {isa = PBXBuildFile; fileRef = 078F46711F9E603000F8BE2F /* JobCollectionViewCell.swift */; };
		078F46741F9E603000F8BE2F /* JobCollectionViewCell.xib in Resources */ = {isa = PBXBuildFile; fileRef = 078F46721F9E603000F8BE2F /* JobCollectionViewCell.xib */; };
		078F46771F9E604100F8BE2F /* MediaCollectionViewCell.swift in Sources */ = {isa = PBXBuildFile; fileRef = 078F46751F9E604100F8BE2F /* MediaCollectionViewCell.swift */; };
		078F46781F9E604100F8BE2F /* MediaCollectionViewCell.xib in Resources */ = {isa = PBXBuildFile; fileRef = 078F46761F9E604100F8BE2F /* MediaCollectionViewCell.xib */; };
		078F46941F9EE4B900F8BE2F /* ModelBaseHome.swift in Sources */ = {isa = PBXBuildFile; fileRef = 078F46931F9EE4B900F8BE2F /* ModelBaseHome.swift */; };
		078F469B1F9EE72000F8BE2F /* ModelFlash.swift in Sources */ = {isa = PBXBuildFile; fileRef = 078F46991F9EE72000F8BE2F /* ModelFlash.swift */; };
		078F469C1F9EE72000F8BE2F /* ModelFlashMain.swift in Sources */ = {isa = PBXBuildFile; fileRef = 078F469A1F9EE72000F8BE2F /* ModelFlashMain.swift */; };
		078F469F1F9EE73200F8BE2F /* ModelList.swift in Sources */ = {isa = PBXBuildFile; fileRef = 078F469D1F9EE73200F8BE2F /* ModelList.swift */; };
		078F46A01F9EE73200F8BE2F /* ModelListMain.swift in Sources */ = {isa = PBXBuildFile; fileRef = 078F469E1F9EE73200F8BE2F /* ModelListMain.swift */; };
		078F46A31F9EE73E00F8BE2F /* ModelBulletin.swift in Sources */ = {isa = PBXBuildFile; fileRef = 078F46A11F9EE73E00F8BE2F /* ModelBulletin.swift */; };
		078F46A41F9EE73E00F8BE2F /* ModelBulletinMain.swift in Sources */ = {isa = PBXBuildFile; fileRef = 078F46A21F9EE73E00F8BE2F /* ModelBulletinMain.swift */; };
		078F46A71F9EE74800F8BE2F /* ModelMedia.swift in Sources */ = {isa = PBXBuildFile; fileRef = 078F46A51F9EE74800F8BE2F /* ModelMedia.swift */; };
		078F46A81F9EE74800F8BE2F /* ModelMediaMain.swift in Sources */ = {isa = PBXBuildFile; fileRef = 078F46A61F9EE74800F8BE2F /* ModelMediaMain.swift */; };
		078F46AB1F9F9E7700F8BE2F /* ModelRequestHelper.swift in Sources */ = {isa = PBXBuildFile; fileRef = 078F46AA1F9F9E7700F8BE2F /* ModelRequestHelper.swift */; };
		078F46AD1F9FA70000F8BE2F /* StringExtension.swift in Sources */ = {isa = PBXBuildFile; fileRef = 078F46AC1F9FA70000F8BE2F /* StringExtension.swift */; };
		078F46C31FA11A8D00F8BE2F /* FlashDetailViewController.swift in Sources */ = {isa = PBXBuildFile; fileRef = 078F46C21FA11A8D00F8BE2F /* FlashDetailViewController.swift */; };
		078F46C51FA1873000F8BE2F /* HomeViewControllerExtension.swift in Sources */ = {isa = PBXBuildFile; fileRef = 078F46C41FA1873000F8BE2F /* HomeViewControllerExtension.swift */; };
		078F46C81FA18F3700F8BE2F /* ListDetailViewController.swift in Sources */ = {isa = PBXBuildFile; fileRef = 078F46C71FA18F3700F8BE2F /* ListDetailViewController.swift */; };
		078F46CD1FA2CA6400F8BE2F /* Job.swift in Sources */ = {isa = PBXBuildFile; fileRef = 078F46CA1FA2CA6400F8BE2F /* Job.swift */; };
		078F46CE1FA2CA6400F8BE2F /* ModelJob.swift in Sources */ = {isa = PBXBuildFile; fileRef = 078F46CB1FA2CA6400F8BE2F /* ModelJob.swift */; };
		078F46CF1FA2CA6400F8BE2F /* ModelJobMain.swift in Sources */ = {isa = PBXBuildFile; fileRef = 078F46CC1FA2CA6400F8BE2F /* ModelJobMain.swift */; };
		078F47021FA76E9C00F8BE2F /* Category.swift in Sources */ = {isa = PBXBuildFile; fileRef = 078F46FF1FA76E9C00F8BE2F /* Category.swift */; };
		078F47031FA76E9C00F8BE2F /* CategoryMain.swift in Sources */ = {isa = PBXBuildFile; fileRef = 078F47001FA76E9C00F8BE2F /* CategoryMain.swift */; };
		078F47041FA76E9C00F8BE2F /* Data.swift in Sources */ = {isa = PBXBuildFile; fileRef = 078F47011FA76E9C00F8BE2F /* Data.swift */; };
		078F47071FA7AB9D00F8BE2F /* CategorySelectionViewController.swift in Sources */ = {isa = PBXBuildFile; fileRef = 078F47061FA7AB9D00F8BE2F /* CategorySelectionViewController.swift */; };
		078F47091FA8FEF600F8BE2F /* PhotoSaver.swift in Sources */ = {isa = PBXBuildFile; fileRef = 078F47081FA8FEF600F8BE2F /* PhotoSaver.swift */; };
		078F470B1FAAC9B200F8BE2F /* Utility.swift in Sources */ = {isa = PBXBuildFile; fileRef = 078F470A1FAAC9B200F8BE2F /* Utility.swift */; };
		078F470E1FABB1A900F8BE2F /* JobDetailViewController.swift in Sources */ = {isa = PBXBuildFile; fileRef = 078F470D1FABB1A900F8BE2F /* JobDetailViewController.swift */; };
		07A49D931F86B1F30022562D /* AppDelegate.swift in Sources */ = {isa = PBXBuildFile; fileRef = 07A49D631F86B1F30022562D /* AppDelegate.swift */; };
		07A49D941F86B1F30022562D /* Constant.swift in Sources */ = {isa = PBXBuildFile; fileRef = 07A49D641F86B1F30022562D /* Constant.swift */; };
		07A49D951F86B1F30022562D /* LaunchScreen.storyboard in Resources */ = {isa = PBXBuildFile; fileRef = 07A49D661F86B1F30022562D /* LaunchScreen.storyboard */; };
		07A49D961F86B1F30022562D /* Main.storyboard in Resources */ = {isa = PBXBuildFile; fileRef = 07A49D671F86B1F30022562D /* Main.storyboard */; };
		07A49D9C1F86B1F30022562D /* NVActivityIndicatorAnimationLineScaleParty.swift in Sources */ = {isa = PBXBuildFile; fileRef = 07A49D741F86B1F30022562D /* NVActivityIndicatorAnimationLineScaleParty.swift */; };
		07A49D9D1F86B1F30022562D /* NVActivityIndicatorAnimationDelegate.swift in Sources */ = {isa = PBXBuildFile; fileRef = 07A49D751F86B1F30022562D /* NVActivityIndicatorAnimationDelegate.swift */; };
		07A49D9E1F86B1F30022562D /* NVActivityIndicatorPresenter.swift in Sources */ = {isa = PBXBuildFile; fileRef = 07A49D761F86B1F30022562D /* NVActivityIndicatorPresenter.swift */; };
		07A49D9F1F86B1F30022562D /* NVActivityIndicatorShape.swift in Sources */ = {isa = PBXBuildFile; fileRef = 07A49D771F86B1F30022562D /* NVActivityIndicatorShape.swift */; };
		07A49DA01F86B1F30022562D /* NVActivityIndicatorView.swift in Sources */ = {isa = PBXBuildFile; fileRef = 07A49D781F86B1F30022562D /* NVActivityIndicatorView.swift */; };
		07A49DA11F86B1F30022562D /* NVActivityIndicatorViewable.swift in Sources */ = {isa = PBXBuildFile; fileRef = 07A49D791F86B1F30022562D /* NVActivityIndicatorViewable.swift */; };
		07A49DA21F86B1F30022562D /* RevealingSplashView.swift in Sources */ = {isa = PBXBuildFile; fileRef = 07A49D7A1F86B1F30022562D /* RevealingSplashView.swift */; };
		07A49DA31F86B1F30022562D /* BaseModel.swift in Sources */ = {isa = PBXBuildFile; fileRef = 07A49D7C1F86B1F30022562D /* BaseModel.swift */; };
		07A49DA51F86B1F30022562D /* Assets.xcassets in Resources */ = {isa = PBXBuildFile; fileRef = 07A49D801F86B1F30022562D /* Assets.xcassets */; };
		07A49DA61F86B1F30022562D /* Info.plist in Resources */ = {isa = PBXBuildFile; fileRef = 07A49D811F86B1F30022562D /* Info.plist */; };
		07A49DAA1F86B1F30022562D /* BaseViewController.swift in Sources */ = {isa = PBXBuildFile; fileRef = 07A49D891F86B1F30022562D /* BaseViewController.swift */; };
		07AA52131FBF6AF500021159 /* MyReviewViewController.swift in Sources */ = {isa = PBXBuildFile; fileRef = 07AA52121FBF6AF500021159 /* MyReviewViewController.swift */; };
		07AA52261FBF6D2300021159 /* BullatineTableViewCell.swift in Sources */ = {isa = PBXBuildFile; fileRef = 07AA52151FBF6D2300021159 /* BullatineTableViewCell.swift */; };
		07AA52271FBF6D2300021159 /* BullatineTableViewCell.xib in Resources */ = {isa = PBXBuildFile; fileRef = 07AA52161FBF6D2300021159 /* BullatineTableViewCell.xib */; };
		07AA52281FBF6D2300021159 /* FlashTableViewCell.swift in Sources */ = {isa = PBXBuildFile; fileRef = 07AA52181FBF6D2300021159 /* FlashTableViewCell.swift */; };
		07AA52291FBF6D2300021159 /* FlashTableViewCell.xib in Resources */ = {isa = PBXBuildFile; fileRef = 07AA52191FBF6D2300021159 /* FlashTableViewCell.xib */; };
		07AA522A1FBF6D2300021159 /* JobTableViewCell.swift in Sources */ = {isa = PBXBuildFile; fileRef = 07AA521B1FBF6D2300021159 /* JobTableViewCell.swift */; };
		07AA522B1FBF6D2300021159 /* JobTableViewCell.xib in Resources */ = {isa = PBXBuildFile; fileRef = 07AA521C1FBF6D2300021159 /* JobTableViewCell.xib */; };
		07AA522C1FBF6D2300021159 /* JobDetailTableViewCell.swift in Sources */ = {isa = PBXBuildFile; fileRef = 07AA521E1FBF6D2300021159 /* JobDetailTableViewCell.swift */; };
		07AA522D1FBF6D2300021159 /* JobDetailTableViewCell.xib in Resources */ = {isa = PBXBuildFile; fileRef = 07AA521F1FBF6D2300021159 /* JobDetailTableViewCell.xib */; };
		07AA522E1FBF6D2300021159 /* ListingTableViewCell.swift in Sources */ = {isa = PBXBuildFile; fileRef = 07AA52211FBF6D2300021159 /* ListingTableViewCell.swift */; };
		07AA522F1FBF6D2300021159 /* ListingTableViewCell.xib in Resources */ = {isa = PBXBuildFile; fileRef = 07AA52221FBF6D2300021159 /* ListingTableViewCell.xib */; };
		07AA52301FBF6D2300021159 /* MeddiaTableViewCell.swift in Sources */ = {isa = PBXBuildFile; fileRef = 07AA52241FBF6D2300021159 /* MeddiaTableViewCell.swift */; };
		07AA52311FBF6D2300021159 /* MeddiaTableViewCell.xib in Resources */ = {isa = PBXBuildFile; fileRef = 07AA52251FBF6D2300021159 /* MeddiaTableViewCell.xib */; };
		07AA52351FBF6D5100021159 /* ReviewTableViewCell.swift in Sources */ = {isa = PBXBuildFile; fileRef = 07AA52331FBF6D5100021159 /* ReviewTableViewCell.swift */; };
		07AA52361FBF6D5100021159 /* ReviewTableViewCell.xib in Resources */ = {isa = PBXBuildFile; fileRef = 07AA52341FBF6D5100021159 /* ReviewTableViewCell.xib */; };
		07AF15351FABBC2A00FBE928 /* PostJobViewController.swift in Sources */ = {isa = PBXBuildFile; fileRef = 07AF15341FABBC2A00FBE928 /* PostJobViewController.swift */; };
		07AF15371FAC0ED400FBE928 /* PostJobViewCotrollerExtension.swift in Sources */ = {isa = PBXBuildFile; fileRef = 07AF15361FAC0ED400FBE928 /* PostJobViewCotrollerExtension.swift */; };
		07AF15471FB38F5700FBE928 /* LGSideMenuBorderView.m in Sources */ = {isa = PBXBuildFile; fileRef = 07AF153A1FB38F5700FBE928 /* LGSideMenuBorderView.m */; };
		07AF15481FB38F5700FBE928 /* LGSideMenuController.m in Sources */ = {isa = PBXBuildFile; fileRef = 07AF153C1FB38F5700FBE928 /* LGSideMenuController.m */; };
		07AF15491FB38F5700FBE928 /* LGSideMenuGesturesHandler.m in Sources */ = {isa = PBXBuildFile; fileRef = 07AF153E1FB38F5700FBE928 /* LGSideMenuGesturesHandler.m */; };
		07AF154A1FB38F5700FBE928 /* LGSideMenuHelper.m in Sources */ = {isa = PBXBuildFile; fileRef = 07AF15401FB38F5700FBE928 /* LGSideMenuHelper.m */; };
		07AF154B1FB38F5700FBE928 /* LGSideMenuSegue.m in Sources */ = {isa = PBXBuildFile; fileRef = 07AF15421FB38F5700FBE928 /* LGSideMenuSegue.m */; };
		07AF154C1FB38F5700FBE928 /* LGSideMenuView.m in Sources */ = {isa = PBXBuildFile; fileRef = 07AF15441FB38F5700FBE928 /* LGSideMenuView.m */; };
		07AF154D1FB38F5700FBE928 /* UIViewController+LGSideMenuController.m in Sources */ = {isa = PBXBuildFile; fileRef = 07AF15461FB38F5700FBE928 /* UIViewController+LGSideMenuController.m */; };
		07AF154F1FB3915600FBE928 /* MainViewController.swift in Sources */ = {isa = PBXBuildFile; fileRef = 07AF154E1FB3915600FBE928 /* MainViewController.swift */; };
		07F488161FC7A60900972D11 /* FilterContainer.swift in Sources */ = {isa = PBXBuildFile; fileRef = 07F488151FC7A60900972D11 /* FilterContainer.swift */; };
		07FBF9CB1FC000A700B93E33 /* PostListingScreen.swift in Sources */ = {isa = PBXBuildFile; fileRef = 07FBF9CA1FC000A700B93E33 /* PostListingScreen.swift */; };
		07FBF9CE1FC00B1600B93E33 /* ListDetailMain.swift in Sources */ = {isa = PBXBuildFile; fileRef = 07FBF9CD1FC00B1600B93E33 /* ListDetailMain.swift */; };
		53E4FC8244730F3B382DFD94 /* Pods_NewsApp.framework in Frameworks */ = {isa = PBXBuildFile; fileRef = E94DCF7A29ECF7108F54BD57 /* Pods_NewsApp.framework */; };
/* End PBXBuildFile section */

/* Begin PBXFileReference section */
		07825BD81FBFF131004A7B30 /* ModelRatingData.swift */ = {isa = PBXFileReference; fileEncoding = 4; lastKnownFileType = sourcecode.swift; path = ModelRatingData.swift; sourceTree = "<group>"; };
		07825BD91FBFF131004A7B30 /* RatingListMain.swift */ = {isa = PBXFileReference; fileEncoding = 4; lastKnownFileType = sourcecode.swift; path = RatingListMain.swift; sourceTree = "<group>"; };
		07825BDC1FBFF1A1004A7B30 /* RatingListViewController.swift */ = {isa = PBXFileReference; fileEncoding = 4; lastKnownFileType = sourcecode.swift; path = RatingListViewController.swift; sourceTree = "<group>"; };
		078430891F8C665B000368EB /* APIService.swift */ = {isa = PBXFileReference; fileEncoding = 4; lastKnownFileType = sourcecode.swift; path = APIService.swift; sourceTree = "<group>"; };
		0784308A1F8C665B000368EB /* APISessionService.swift */ = {isa = PBXFileReference; fileEncoding = 4; lastKnownFileType = sourcecode.swift; path = APISessionService.swift; sourceTree = "<group>"; };
		0784308B1F8C665B000368EB /* NetworkService.swift */ = {isa = PBXFileReference; fileEncoding = 4; lastKnownFileType = sourcecode.swift; path = NetworkService.swift; sourceTree = "<group>"; };
		0784308C1F8C665B000368EB /* Reachability.swift */ = {isa = PBXFileReference; fileEncoding = 4; lastKnownFileType = sourcecode.swift; path = Reachability.swift; sourceTree = "<group>"; };
		078F45E11F8D27D600F8BE2F /* AppdelegateExtension.swift */ = {isa = PBXFileReference; fileEncoding = 4; lastKnownFileType = sourcecode.swift; path = AppdelegateExtension.swift; sourceTree = "<group>"; };
		078F45E51F8D43DE00F8BE2F /* LoginViewController.swift */ = {isa = PBXFileReference; fileEncoding = 4; lastKnownFileType = sourcecode.swift; path = LoginViewController.swift; sourceTree = "<group>"; };
		078F45EA1F8D464B00F8BE2F /* SignupViewController.swift */ = {isa = PBXFileReference; fileEncoding = 4; lastKnownFileType = sourcecode.swift; path = SignupViewController.swift; sourceTree = "<group>"; };
		078F45EE1F8DC1B300F8BE2F /* LoginViewModel.swift */ = {isa = PBXFileReference; fileEncoding = 4; lastKnownFileType = sourcecode.swift; path = LoginViewModel.swift; sourceTree = "<group>"; };
		078F45F01F8DC25400F8BE2F /* ResultModel.swift */ = {isa = PBXFileReference; fileEncoding = 4; lastKnownFileType = sourcecode.swift; path = ResultModel.swift; sourceTree = "<group>"; };
		078F45F21F8DC53D00F8BE2F /* TextFieldExtension.swift */ = {isa = PBXFileReference; fileEncoding = 4; lastKnownFileType = sourcecode.swift; path = TextFieldExtension.swift; sourceTree = "<group>"; };
		078F45F41F8DC66400F8BE2F /* LoginViewControllerExtension.swift */ = {isa = PBXFileReference; fileEncoding = 4; lastKnownFileType = sourcecode.swift; path = LoginViewControllerExtension.swift; sourceTree = "<group>"; };
		078F45F61F8DC85100F8BE2F /* SignupViewControllerExtension.swift */ = {isa = PBXFileReference; fileEncoding = 4; lastKnownFileType = sourcecode.swift; path = SignupViewControllerExtension.swift; sourceTree = "<group>"; };
		078F45F81F8DC87E00F8BE2F /* SignupViewModel.swift */ = {isa = PBXFileReference; fileEncoding = 4; lastKnownFileType = sourcecode.swift; path = SignupViewModel.swift; sourceTree = "<group>"; };
		078F45FA1F8FD8D200F8BE2F /* ConstantMethods.swift */ = {isa = PBXFileReference; fileEncoding = 4; lastKnownFileType = sourcecode.swift; path = ConstantMethods.swift; sourceTree = "<group>"; };
		078F45FD1F92278500F8BE2F /* UIButtonExtension.swift */ = {isa = PBXFileReference; fileEncoding = 4; lastKnownFileType = sourcecode.swift; path = UIButtonExtension.swift; sourceTree = "<group>"; };
		078F46011F952D4400F8BE2F /* NavigationBar.swift */ = {isa = PBXFileReference; fileEncoding = 4; lastKnownFileType = sourcecode.swift; path = NavigationBar.swift; sourceTree = "<group>"; };
		078F46031F952FCC00F8BE2F /* HomeViewController.swift */ = {isa = PBXFileReference; fileEncoding = 4; lastKnownFileType = sourcecode.swift; path = HomeViewController.swift; sourceTree = "<group>"; };
		078F46061F953CC500F8BE2F /* ChangePasswordViewController.swift */ = {isa = PBXFileReference; fileEncoding = 4; lastKnownFileType = sourcecode.swift; path = ChangePasswordViewController.swift; sourceTree = "<group>"; };
		078F46081F959CF800F8BE2F /* ModelLogin.swift */ = {isa = PBXFileReference; fileEncoding = 4; lastKnownFileType = sourcecode.swift; path = ModelLogin.swift; sourceTree = "<group>"; };
		078F46091F959CF800F8BE2F /* ModelLoginData.swift */ = {isa = PBXFileReference; fileEncoding = 4; lastKnownFileType = sourcecode.swift; path = ModelLoginData.swift; sourceTree = "<group>"; };
		078F460A1F959CF800F8BE2F /* ModelUser.swift */ = {isa = PBXFileReference; fileEncoding = 4; lastKnownFileType = sourcecode.swift; path = ModelUser.swift; sourceTree = "<group>"; };
		078F460E1F9B918400F8BE2F /* ChangePasswordViewModel.swift */ = {isa = PBXFileReference; fileEncoding = 4; lastKnownFileType = sourcecode.swift; path = ChangePasswordViewModel.swift; sourceTree = "<group>"; };
		078F46101F9B920C00F8BE2F /* ChangePasswordViewControllerExtension.swift */ = {isa = PBXFileReference; fileEncoding = 4; lastKnownFileType = sourcecode.swift; path = ChangePasswordViewControllerExtension.swift; sourceTree = "<group>"; };
		078F46191F9C909A00F8BE2F /* UIColorExtension.swift */ = {isa = PBXFileReference; fileEncoding = 4; lastKnownFileType = sourcecode.swift; path = UIColorExtension.swift; sourceTree = "<group>"; };
		078F46531F9CCB0400F8BE2F /* TableviewCellRegister.swift */ = {isa = PBXFileReference; fileEncoding = 4; lastKnownFileType = sourcecode.swift; path = TableviewCellRegister.swift; sourceTree = "<group>"; };
		078F46561F9CDA2600F8BE2F /* STVSegmentButton.swift */ = {isa = PBXFileReference; fileEncoding = 4; lastKnownFileType = sourcecode.swift; path = STVSegmentButton.swift; sourceTree = "<group>"; };
		078F46571F9CDA2600F8BE2F /* STVSegmentButtonCell.swift */ = {isa = PBXFileReference; fileEncoding = 4; lastKnownFileType = sourcecode.swift; path = STVSegmentButtonCell.swift; sourceTree = "<group>"; };
		078F46581F9CDA2600F8BE2F /* STVSegmentButtonCell.xib */ = {isa = PBXFileReference; fileEncoding = 4; lastKnownFileType = file.xib; path = STVSegmentButtonCell.xib; sourceTree = "<group>"; };
		078F465D1F9D106300F8BE2F /* HomeCollectionView.swift */ = {isa = PBXFileReference; fileEncoding = 4; lastKnownFileType = sourcecode.swift; path = HomeCollectionView.swift; sourceTree = "<group>"; };
		078F46651F9E5FE200F8BE2F /* FlashCollectionViewCell.swift */ = {isa = PBXFileReference; fileEncoding = 4; lastKnownFileType = sourcecode.swift; path = FlashCollectionViewCell.swift; sourceTree = "<group>"; };
		078F46661F9E5FE200F8BE2F /* FlashCollectionViewCell.xib */ = {isa = PBXFileReference; fileEncoding = 4; lastKnownFileType = file.xib; path = FlashCollectionViewCell.xib; sourceTree = "<group>"; };
		078F46691F9E600300F8BE2F /* ListingCollectionViewCell.swift */ = {isa = PBXFileReference; fileEncoding = 4; lastKnownFileType = sourcecode.swift; path = ListingCollectionViewCell.swift; sourceTree = "<group>"; };
		078F466A1F9E600300F8BE2F /* ListingCollectionViewCell.xib */ = {isa = PBXFileReference; fileEncoding = 4; lastKnownFileType = file.xib; path = ListingCollectionViewCell.xib; sourceTree = "<group>"; };
		078F466D1F9E601F00F8BE2F /* BulletineCollectionViewCell.swift */ = {isa = PBXFileReference; fileEncoding = 4; lastKnownFileType = sourcecode.swift; path = BulletineCollectionViewCell.swift; sourceTree = "<group>"; };
		078F466E1F9E601F00F8BE2F /* BulletineCollectionViewCell.xib */ = {isa = PBXFileReference; fileEncoding = 4; lastKnownFileType = file.xib; path = BulletineCollectionViewCell.xib; sourceTree = "<group>"; };
		078F46711F9E603000F8BE2F /* JobCollectionViewCell.swift */ = {isa = PBXFileReference; fileEncoding = 4; lastKnownFileType = sourcecode.swift; path = JobCollectionViewCell.swift; sourceTree = "<group>"; };
		078F46721F9E603000F8BE2F /* JobCollectionViewCell.xib */ = {isa = PBXFileReference; fileEncoding = 4; lastKnownFileType = file.xib; path = JobCollectionViewCell.xib; sourceTree = "<group>"; };
		078F46751F9E604100F8BE2F /* MediaCollectionViewCell.swift */ = {isa = PBXFileReference; fileEncoding = 4; lastKnownFileType = sourcecode.swift; path = MediaCollectionViewCell.swift; sourceTree = "<group>"; };
		078F46761F9E604100F8BE2F /* MediaCollectionViewCell.xib */ = {isa = PBXFileReference; fileEncoding = 4; lastKnownFileType = file.xib; path = MediaCollectionViewCell.xib; sourceTree = "<group>"; };
		078F46931F9EE4B900F8BE2F /* ModelBaseHome.swift */ = {isa = PBXFileReference; fileEncoding = 4; lastKnownFileType = sourcecode.swift; path = ModelBaseHome.swift; sourceTree = "<group>"; };
		078F46991F9EE72000F8BE2F /* ModelFlash.swift */ = {isa = PBXFileReference; fileEncoding = 4; lastKnownFileType = sourcecode.swift; path = ModelFlash.swift; sourceTree = "<group>"; };
		078F469A1F9EE72000F8BE2F /* ModelFlashMain.swift */ = {isa = PBXFileReference; fileEncoding = 4; lastKnownFileType = sourcecode.swift; path = ModelFlashMain.swift; sourceTree = "<group>"; };
		078F469D1F9EE73200F8BE2F /* ModelList.swift */ = {isa = PBXFileReference; fileEncoding = 4; lastKnownFileType = sourcecode.swift; path = ModelList.swift; sourceTree = "<group>"; };
		078F469E1F9EE73200F8BE2F /* ModelListMain.swift */ = {isa = PBXFileReference; fileEncoding = 4; lastKnownFileType = sourcecode.swift; path = ModelListMain.swift; sourceTree = "<group>"; };
		078F46A11F9EE73E00F8BE2F /* ModelBulletin.swift */ = {isa = PBXFileReference; fileEncoding = 4; lastKnownFileType = sourcecode.swift; path = ModelBulletin.swift; sourceTree = "<group>"; };
		078F46A21F9EE73E00F8BE2F /* ModelBulletinMain.swift */ = {isa = PBXFileReference; fileEncoding = 4; lastKnownFileType = sourcecode.swift; path = ModelBulletinMain.swift; sourceTree = "<group>"; };
		078F46A51F9EE74800F8BE2F /* ModelMedia.swift */ = {isa = PBXFileReference; fileEncoding = 4; lastKnownFileType = sourcecode.swift; path = ModelMedia.swift; sourceTree = "<group>"; };
		078F46A61F9EE74800F8BE2F /* ModelMediaMain.swift */ = {isa = PBXFileReference; fileEncoding = 4; lastKnownFileType = sourcecode.swift; path = ModelMediaMain.swift; sourceTree = "<group>"; };
		078F46AA1F9F9E7700F8BE2F /* ModelRequestHelper.swift */ = {isa = PBXFileReference; fileEncoding = 4; lastKnownFileType = sourcecode.swift; path = ModelRequestHelper.swift; sourceTree = "<group>"; };
		078F46AC1F9FA70000F8BE2F /* StringExtension.swift */ = {isa = PBXFileReference; fileEncoding = 4; lastKnownFileType = sourcecode.swift; path = StringExtension.swift; sourceTree = "<group>"; };
		078F46AE1FA042F000F8BE2F /* NewsApp-Bridging-Header.h */ = {isa = PBXFileReference; lastKnownFileType = sourcecode.c.h; name = "NewsApp-Bridging-Header.h"; path = "../Views/NewsApp-Bridging-Header.h"; sourceTree = "<group>"; };
		078F46C21FA11A8D00F8BE2F /* FlashDetailViewController.swift */ = {isa = PBXFileReference; fileEncoding = 4; lastKnownFileType = sourcecode.swift; path = FlashDetailViewController.swift; sourceTree = "<group>"; };
		078F46C41FA1873000F8BE2F /* HomeViewControllerExtension.swift */ = {isa = PBXFileReference; fileEncoding = 4; lastKnownFileType = sourcecode.swift; path = HomeViewControllerExtension.swift; sourceTree = "<group>"; };
		078F46C71FA18F3700F8BE2F /* ListDetailViewController.swift */ = {isa = PBXFileReference; fileEncoding = 4; lastKnownFileType = sourcecode.swift; path = ListDetailViewController.swift; sourceTree = "<group>"; };
		078F46CA1FA2CA6400F8BE2F /* Job.swift */ = {isa = PBXFileReference; fileEncoding = 4; lastKnownFileType = sourcecode.swift; path = Job.swift; sourceTree = "<group>"; };
		078F46CB1FA2CA6400F8BE2F /* ModelJob.swift */ = {isa = PBXFileReference; fileEncoding = 4; lastKnownFileType = sourcecode.swift; path = ModelJob.swift; sourceTree = "<group>"; };
		078F46CC1FA2CA6400F8BE2F /* ModelJobMain.swift */ = {isa = PBXFileReference; fileEncoding = 4; lastKnownFileType = sourcecode.swift; path = ModelJobMain.swift; sourceTree = "<group>"; };
		078F46FF1FA76E9C00F8BE2F /* Category.swift */ = {isa = PBXFileReference; fileEncoding = 4; lastKnownFileType = sourcecode.swift; path = Category.swift; sourceTree = "<group>"; };
		078F47001FA76E9C00F8BE2F /* CategoryMain.swift */ = {isa = PBXFileReference; fileEncoding = 4; lastKnownFileType = sourcecode.swift; path = CategoryMain.swift; sourceTree = "<group>"; };
		078F47011FA76E9C00F8BE2F /* Data.swift */ = {isa = PBXFileReference; fileEncoding = 4; lastKnownFileType = sourcecode.swift; path = Data.swift; sourceTree = "<group>"; };
		078F47061FA7AB9D00F8BE2F /* CategorySelectionViewController.swift */ = {isa = PBXFileReference; fileEncoding = 4; lastKnownFileType = sourcecode.swift; path = CategorySelectionViewController.swift; sourceTree = "<group>"; };
		078F47081FA8FEF600F8BE2F /* PhotoSaver.swift */ = {isa = PBXFileReference; fileEncoding = 4; lastKnownFileType = sourcecode.swift; path = PhotoSaver.swift; sourceTree = "<group>"; };
		078F470A1FAAC9B200F8BE2F /* Utility.swift */ = {isa = PBXFileReference; fileEncoding = 4; lastKnownFileType = sourcecode.swift; path = Utility.swift; sourceTree = "<group>"; };
		078F470D1FABB1A900F8BE2F /* JobDetailViewController.swift */ = {isa = PBXFileReference; fileEncoding = 4; lastKnownFileType = sourcecode.swift; path = JobDetailViewController.swift; sourceTree = "<group>"; };
		07A49D311F86AFE00022562D /* NewsApp.app */ = {isa = PBXFileReference; explicitFileType = wrapper.application; includeInIndex = 0; path = NewsApp.app; sourceTree = BUILT_PRODUCTS_DIR; };
		07A49D631F86B1F30022562D /* AppDelegate.swift */ = {isa = PBXFileReference; fileEncoding = 4; lastKnownFileType = sourcecode.swift; path = AppDelegate.swift; sourceTree = "<group>"; };
		07A49D641F86B1F30022562D /* Constant.swift */ = {isa = PBXFileReference; fileEncoding = 4; lastKnownFileType = sourcecode.swift; path = Constant.swift; sourceTree = "<group>"; };
		07A49D661F86B1F30022562D /* LaunchScreen.storyboard */ = {isa = PBXFileReference; fileEncoding = 4; lastKnownFileType = file.storyboard; path = LaunchScreen.storyboard; sourceTree = "<group>"; };
		07A49D671F86B1F30022562D /* Main.storyboard */ = {isa = PBXFileReference; fileEncoding = 4; lastKnownFileType = file.storyboard; path = Main.storyboard; sourceTree = "<group>"; };
		07A49D741F86B1F30022562D /* NVActivityIndicatorAnimationLineScaleParty.swift */ = {isa = PBXFileReference; fileEncoding = 4; lastKnownFileType = sourcecode.swift; path = NVActivityIndicatorAnimationLineScaleParty.swift; sourceTree = "<group>"; };
		07A49D751F86B1F30022562D /* NVActivityIndicatorAnimationDelegate.swift */ = {isa = PBXFileReference; fileEncoding = 4; lastKnownFileType = sourcecode.swift; path = NVActivityIndicatorAnimationDelegate.swift; sourceTree = "<group>"; };
		07A49D761F86B1F30022562D /* NVActivityIndicatorPresenter.swift */ = {isa = PBXFileReference; fileEncoding = 4; lastKnownFileType = sourcecode.swift; path = NVActivityIndicatorPresenter.swift; sourceTree = "<group>"; };
		07A49D771F86B1F30022562D /* NVActivityIndicatorShape.swift */ = {isa = PBXFileReference; fileEncoding = 4; lastKnownFileType = sourcecode.swift; path = NVActivityIndicatorShape.swift; sourceTree = "<group>"; };
		07A49D781F86B1F30022562D /* NVActivityIndicatorView.swift */ = {isa = PBXFileReference; fileEncoding = 4; lastKnownFileType = sourcecode.swift; path = NVActivityIndicatorView.swift; sourceTree = "<group>"; };
		07A49D791F86B1F30022562D /* NVActivityIndicatorViewable.swift */ = {isa = PBXFileReference; fileEncoding = 4; lastKnownFileType = sourcecode.swift; path = NVActivityIndicatorViewable.swift; sourceTree = "<group>"; };
		07A49D7A1F86B1F30022562D /* RevealingSplashView.swift */ = {isa = PBXFileReference; fileEncoding = 4; lastKnownFileType = sourcecode.swift; path = RevealingSplashView.swift; sourceTree = "<group>"; };
		07A49D7C1F86B1F30022562D /* BaseModel.swift */ = {isa = PBXFileReference; fileEncoding = 4; lastKnownFileType = sourcecode.swift; path = BaseModel.swift; sourceTree = "<group>"; };
		07A49D801F86B1F30022562D /* Assets.xcassets */ = {isa = PBXFileReference; lastKnownFileType = folder.assetcatalog; path = Assets.xcassets; sourceTree = "<group>"; };
		07A49D811F86B1F30022562D /* Info.plist */ = {isa = PBXFileReference; fileEncoding = 4; lastKnownFileType = text.plist.xml; path = Info.plist; sourceTree = "<group>"; };
		07A49D891F86B1F30022562D /* BaseViewController.swift */ = {isa = PBXFileReference; fileEncoding = 4; lastKnownFileType = sourcecode.swift; path = BaseViewController.swift; sourceTree = "<group>"; };
		07AA52121FBF6AF500021159 /* MyReviewViewController.swift */ = {isa = PBXFileReference; fileEncoding = 4; lastKnownFileType = sourcecode.swift; path = MyReviewViewController.swift; sourceTree = "<group>"; };
		07AA52151FBF6D2300021159 /* BullatineTableViewCell.swift */ = {isa = PBXFileReference; fileEncoding = 4; lastKnownFileType = sourcecode.swift; path = BullatineTableViewCell.swift; sourceTree = "<group>"; };
		07AA52161FBF6D2300021159 /* BullatineTableViewCell.xib */ = {isa = PBXFileReference; fileEncoding = 4; lastKnownFileType = file.xib; path = BullatineTableViewCell.xib; sourceTree = "<group>"; };
		07AA52181FBF6D2300021159 /* FlashTableViewCell.swift */ = {isa = PBXFileReference; fileEncoding = 4; lastKnownFileType = sourcecode.swift; path = FlashTableViewCell.swift; sourceTree = "<group>"; };
		07AA52191FBF6D2300021159 /* FlashTableViewCell.xib */ = {isa = PBXFileReference; fileEncoding = 4; lastKnownFileType = file.xib; path = FlashTableViewCell.xib; sourceTree = "<group>"; };
		07AA521B1FBF6D2300021159 /* JobTableViewCell.swift */ = {isa = PBXFileReference; fileEncoding = 4; lastKnownFileType = sourcecode.swift; path = JobTableViewCell.swift; sourceTree = "<group>"; };
		07AA521C1FBF6D2300021159 /* JobTableViewCell.xib */ = {isa = PBXFileReference; fileEncoding = 4; lastKnownFileType = file.xib; path = JobTableViewCell.xib; sourceTree = "<group>"; };
		07AA521E1FBF6D2300021159 /* JobDetailTableViewCell.swift */ = {isa = PBXFileReference; fileEncoding = 4; lastKnownFileType = sourcecode.swift; path = JobDetailTableViewCell.swift; sourceTree = "<group>"; };
		07AA521F1FBF6D2300021159 /* JobDetailTableViewCell.xib */ = {isa = PBXFileReference; fileEncoding = 4; lastKnownFileType = file.xib; path = JobDetailTableViewCell.xib; sourceTree = "<group>"; };
		07AA52211FBF6D2300021159 /* ListingTableViewCell.swift */ = {isa = PBXFileReference; fileEncoding = 4; lastKnownFileType = sourcecode.swift; path = ListingTableViewCell.swift; sourceTree = "<group>"; };
		07AA52221FBF6D2300021159 /* ListingTableViewCell.xib */ = {isa = PBXFileReference; fileEncoding = 4; lastKnownFileType = file.xib; path = ListingTableViewCell.xib; sourceTree = "<group>"; };
		07AA52241FBF6D2300021159 /* MeddiaTableViewCell.swift */ = {isa = PBXFileReference; fileEncoding = 4; lastKnownFileType = sourcecode.swift; path = MeddiaTableViewCell.swift; sourceTree = "<group>"; };
		07AA52251FBF6D2300021159 /* MeddiaTableViewCell.xib */ = {isa = PBXFileReference; fileEncoding = 4; lastKnownFileType = file.xib; path = MeddiaTableViewCell.xib; sourceTree = "<group>"; };
		07AA52331FBF6D5100021159 /* ReviewTableViewCell.swift */ = {isa = PBXFileReference; fileEncoding = 4; lastKnownFileType = sourcecode.swift; path = ReviewTableViewCell.swift; sourceTree = "<group>"; };
		07AA52341FBF6D5100021159 /* ReviewTableViewCell.xib */ = {isa = PBXFileReference; fileEncoding = 4; lastKnownFileType = file.xib; path = ReviewTableViewCell.xib; sourceTree = "<group>"; };
		07AF15341FABBC2A00FBE928 /* PostJobViewController.swift */ = {isa = PBXFileReference; fileEncoding = 4; lastKnownFileType = sourcecode.swift; path = PostJobViewController.swift; sourceTree = "<group>"; };
		07AF15361FAC0ED400FBE928 /* PostJobViewCotrollerExtension.swift */ = {isa = PBXFileReference; fileEncoding = 4; lastKnownFileType = sourcecode.swift; path = PostJobViewCotrollerExtension.swift; sourceTree = "<group>"; };
		07AF15391FB38F5700FBE928 /* LGSideMenuBorderView.h */ = {isa = PBXFileReference; fileEncoding = 4; lastKnownFileType = sourcecode.c.h; path = LGSideMenuBorderView.h; sourceTree = "<group>"; };
		07AF153A1FB38F5700FBE928 /* LGSideMenuBorderView.m */ = {isa = PBXFileReference; fileEncoding = 4; lastKnownFileType = sourcecode.c.objc; path = LGSideMenuBorderView.m; sourceTree = "<group>"; };
		07AF153B1FB38F5700FBE928 /* LGSideMenuController.h */ = {isa = PBXFileReference; fileEncoding = 4; lastKnownFileType = sourcecode.c.h; path = LGSideMenuController.h; sourceTree = "<group>"; };
		07AF153C1FB38F5700FBE928 /* LGSideMenuController.m */ = {isa = PBXFileReference; fileEncoding = 4; lastKnownFileType = sourcecode.c.objc; path = LGSideMenuController.m; sourceTree = "<group>"; };
		07AF153D1FB38F5700FBE928 /* LGSideMenuGesturesHandler.h */ = {isa = PBXFileReference; fileEncoding = 4; lastKnownFileType = sourcecode.c.h; path = LGSideMenuGesturesHandler.h; sourceTree = "<group>"; };
		07AF153E1FB38F5700FBE928 /* LGSideMenuGesturesHandler.m */ = {isa = PBXFileReference; fileEncoding = 4; lastKnownFileType = sourcecode.c.objc; path = LGSideMenuGesturesHandler.m; sourceTree = "<group>"; };
		07AF153F1FB38F5700FBE928 /* LGSideMenuHelper.h */ = {isa = PBXFileReference; fileEncoding = 4; lastKnownFileType = sourcecode.c.h; path = LGSideMenuHelper.h; sourceTree = "<group>"; };
		07AF15401FB38F5700FBE928 /* LGSideMenuHelper.m */ = {isa = PBXFileReference; fileEncoding = 4; lastKnownFileType = sourcecode.c.objc; path = LGSideMenuHelper.m; sourceTree = "<group>"; };
		07AF15411FB38F5700FBE928 /* LGSideMenuSegue.h */ = {isa = PBXFileReference; fileEncoding = 4; lastKnownFileType = sourcecode.c.h; path = LGSideMenuSegue.h; sourceTree = "<group>"; };
		07AF15421FB38F5700FBE928 /* LGSideMenuSegue.m */ = {isa = PBXFileReference; fileEncoding = 4; lastKnownFileType = sourcecode.c.objc; path = LGSideMenuSegue.m; sourceTree = "<group>"; };
		07AF15431FB38F5700FBE928 /* LGSideMenuView.h */ = {isa = PBXFileReference; fileEncoding = 4; lastKnownFileType = sourcecode.c.h; path = LGSideMenuView.h; sourceTree = "<group>"; };
		07AF15441FB38F5700FBE928 /* LGSideMenuView.m */ = {isa = PBXFileReference; fileEncoding = 4; lastKnownFileType = sourcecode.c.objc; path = LGSideMenuView.m; sourceTree = "<group>"; };
		07AF15451FB38F5700FBE928 /* UIViewController+LGSideMenuController.h */ = {isa = PBXFileReference; fileEncoding = 4; lastKnownFileType = sourcecode.c.h; path = "UIViewController+LGSideMenuController.h"; sourceTree = "<group>"; };
		07AF15461FB38F5700FBE928 /* UIViewController+LGSideMenuController.m */ = {isa = PBXFileReference; fileEncoding = 4; lastKnownFileType = sourcecode.c.objc; path = "UIViewController+LGSideMenuController.m"; sourceTree = "<group>"; };
		07AF154E1FB3915600FBE928 /* MainViewController.swift */ = {isa = PBXFileReference; fileEncoding = 4; lastKnownFileType = sourcecode.swift; path = MainViewController.swift; sourceTree = "<group>"; };
		07F488151FC7A60900972D11 /* FilterContainer.swift */ = {isa = PBXFileReference; fileEncoding = 4; lastKnownFileType = sourcecode.swift; path = FilterContainer.swift; sourceTree = "<group>"; };
		07FBF9CA1FC000A700B93E33 /* PostListingScreen.swift */ = {isa = PBXFileReference; fileEncoding = 4; lastKnownFileType = sourcecode.swift; path = PostListingScreen.swift; sourceTree = "<group>"; };
		07FBF9CD1FC00B1600B93E33 /* ListDetailMain.swift */ = {isa = PBXFileReference; fileEncoding = 4; lastKnownFileType = sourcecode.swift; path = ListDetailMain.swift; sourceTree = "<group>"; };
		2FBE3D050966A30FBD219437 /* Pods-NewsApp.release.xcconfig */ = {isa = PBXFileReference; includeInIndex = 1; lastKnownFileType = text.xcconfig; name = "Pods-NewsApp.release.xcconfig"; path = "Pods/Target Support Files/Pods-NewsApp/Pods-NewsApp.release.xcconfig"; sourceTree = "<group>"; };
		633795B34E696785A554349D /* Pods-NewsApp.debug.xcconfig */ = {isa = PBXFileReference; includeInIndex = 1; lastKnownFileType = text.xcconfig; name = "Pods-NewsApp.debug.xcconfig"; path = "Pods/Target Support Files/Pods-NewsApp/Pods-NewsApp.debug.xcconfig"; sourceTree = "<group>"; };
		E94DCF7A29ECF7108F54BD57 /* Pods_NewsApp.framework */ = {isa = PBXFileReference; explicitFileType = wrapper.framework; includeInIndex = 0; path = Pods_NewsApp.framework; sourceTree = BUILT_PRODUCTS_DIR; };
/* End PBXFileReference section */

/* Begin PBXFrameworksBuildPhase section */
		07A49D2E1F86AFE00022562D /* Frameworks */ = {
			isa = PBXFrameworksBuildPhase;
			buildActionMask = 2147483647;
			files = (
				53E4FC8244730F3B382DFD94 /* Pods_NewsApp.framework in Frameworks */,
			);
			runOnlyForDeploymentPostprocessing = 0;
		};
/* End PBXFrameworksBuildPhase section */

/* Begin PBXGroup section */
		07825BD61FBFEE0A004A7B30 /* RatingListViewController */ = {
			isa = PBXGroup;
			children = (
				07825BDC1FBFF1A1004A7B30 /* RatingListViewController.swift */,
			);
			path = RatingListViewController;
			sourceTree = "<group>";
		};
		07825BD71FBFF11F004A7B30 /* Rating */ = {
			isa = PBXGroup;
			children = (
				07825BD81FBFF131004A7B30 /* ModelRatingData.swift */,
				07825BD91FBFF131004A7B30 /* RatingListMain.swift */,
			);
			path = Rating;
			sourceTree = "<group>";
		};
		078F45E01F8D27AE00F8BE2F /* Extension */ = {
			isa = PBXGroup;
			children = (
				078F46531F9CCB0400F8BE2F /* TableviewCellRegister.swift */,
				078F45E11F8D27D600F8BE2F /* AppdelegateExtension.swift */,
				078F45F21F8DC53D00F8BE2F /* TextFieldExtension.swift */,
				078F45FD1F92278500F8BE2F /* UIButtonExtension.swift */,
				078F46191F9C909A00F8BE2F /* UIColorExtension.swift */,
				078F46AC1F9FA70000F8BE2F /* StringExtension.swift */,
			);
			path = Extension;
			sourceTree = "<group>";
		};
		078F45E91F8D460F00F8BE2F /* Signup */ = {
			isa = PBXGroup;
			children = (
				078F45EA1F8D464B00F8BE2F /* SignupViewController.swift */,
				078F45F61F8DC85100F8BE2F /* SignupViewControllerExtension.swift */,
			);
			path = Signup;
			sourceTree = "<group>";
		};
		078F45EC1F8DC15A00F8BE2F /* ViewModel */ = {
			isa = PBXGroup;
			children = (
				078F45ED1F8DC18500F8BE2F /* Onboard */,
			);
			path = ViewModel;
			sourceTree = "<group>";
		};
		078F45ED1F8DC18500F8BE2F /* Onboard */ = {
			isa = PBXGroup;
			children = (
				078F45EE1F8DC1B300F8BE2F /* LoginViewModel.swift */,
				078F45F81F8DC87E00F8BE2F /* SignupViewModel.swift */,
				078F460E1F9B918400F8BE2F /* ChangePasswordViewModel.swift */,
			);
			path = Onboard;
			sourceTree = "<group>";
		};
		078F45FF1F9526B700F8BE2F /* Home */ = {
			isa = PBXGroup;
			children = (
				07AF154E1FB3915600FBE928 /* MainViewController.swift */,
				078F46031F952FCC00F8BE2F /* HomeViewController.swift */,
				078F46C41FA1873000F8BE2F /* HomeViewControllerExtension.swift */,
			);
			name = Home;
			path = Home/Home;
			sourceTree = "<group>";
		};
		078F46001F952D2600F8BE2F /* NavigationBar */ = {
			isa = PBXGroup;
			children = (
				078F46011F952D4400F8BE2F /* NavigationBar.swift */,
			);
			path = NavigationBar;
			sourceTree = "<group>";
		};
		078F46051F953CA100F8BE2F /* ChangePassword */ = {
			isa = PBXGroup;
			children = (
				078F46061F953CC500F8BE2F /* ChangePasswordViewController.swift */,
				078F46101F9B920C00F8BE2F /* ChangePasswordViewControllerExtension.swift */,
			);
			path = ChangePassword;
			sourceTree = "<group>";
		};
		078F46551F9CDA0000F8BE2F /* SliderView */ = {
			isa = PBXGroup;
			children = (
				078F46561F9CDA2600F8BE2F /* STVSegmentButton.swift */,
				078F46571F9CDA2600F8BE2F /* STVSegmentButtonCell.swift */,
				078F46581F9CDA2600F8BE2F /* STVSegmentButtonCell.xib */,
			);
			path = SliderView;
			sourceTree = "<group>";
		};
		078F465C1F9D103F00F8BE2F /* HomeCollectionView */ = {
			isa = PBXGroup;
			children = (
				078F465D1F9D106300F8BE2F /* HomeCollectionView.swift */,
			);
			path = HomeCollectionView;
			sourceTree = "<group>";
		};
		078F465F1F9D14C500F8BE2F /* CollectionViewCell */ = {
			isa = PBXGroup;
			children = (
				078F46641F9E5F9800F8BE2F /* MediaCell */,
				078F46631F9E5F7C00F8BE2F /* JobCell */,
				078F46621F9E5F5400F8BE2F /* BulletineCell */,
				078F46611F9D150F00F8BE2F /* ListingCell */,
				078F46601F9D14F400F8BE2F /* FlashCell */,
			);
			path = CollectionViewCell;
			sourceTree = "<group>";
		};
		078F46601F9D14F400F8BE2F /* FlashCell */ = {
			isa = PBXGroup;
			children = (
				078F46651F9E5FE200F8BE2F /* FlashCollectionViewCell.swift */,
				078F46661F9E5FE200F8BE2F /* FlashCollectionViewCell.xib */,
			);
			path = FlashCell;
			sourceTree = "<group>";
		};
		078F46611F9D150F00F8BE2F /* ListingCell */ = {
			isa = PBXGroup;
			children = (
				078F46691F9E600300F8BE2F /* ListingCollectionViewCell.swift */,
				078F466A1F9E600300F8BE2F /* ListingCollectionViewCell.xib */,
			);
			path = ListingCell;
			sourceTree = "<group>";
		};
		078F46621F9E5F5400F8BE2F /* BulletineCell */ = {
			isa = PBXGroup;
			children = (
				078F466D1F9E601F00F8BE2F /* BulletineCollectionViewCell.swift */,
				078F466E1F9E601F00F8BE2F /* BulletineCollectionViewCell.xib */,
			);
			path = BulletineCell;
			sourceTree = "<group>";
		};
		078F46631F9E5F7C00F8BE2F /* JobCell */ = {
			isa = PBXGroup;
			children = (
				078F46711F9E603000F8BE2F /* JobCollectionViewCell.swift */,
				078F46721F9E603000F8BE2F /* JobCollectionViewCell.xib */,
			);
			path = JobCell;
			sourceTree = "<group>";
		};
		078F46641F9E5F9800F8BE2F /* MediaCell */ = {
			isa = PBXGroup;
			children = (
				078F46751F9E604100F8BE2F /* MediaCollectionViewCell.swift */,
				078F46761F9E604100F8BE2F /* MediaCollectionViewCell.xib */,
			);
			path = MediaCell;
			sourceTree = "<group>";
		};
		078F46921F9EE48B00F8BE2F /* Home */ = {
			isa = PBXGroup;
			children = (
				078F46C91FA2C9CD00F8BE2F /* Job */,
				078F46981F9EE6F900F8BE2F /* Media */,
				078F46971F9EE6E400F8BE2F /* Bulletin */,
				078F46961F9EE6D100F8BE2F /* List */,
				078F46951F9EE6BF00F8BE2F /* Flash */,
				078F46931F9EE4B900F8BE2F /* ModelBaseHome.swift */,
			);
			path = Home;
			sourceTree = "<group>";
		};
		078F46951F9EE6BF00F8BE2F /* Flash */ = {
			isa = PBXGroup;
			children = (
				078F46991F9EE72000F8BE2F /* ModelFlash.swift */,
				078F469A1F9EE72000F8BE2F /* ModelFlashMain.swift */,
			);
			path = Flash;
			sourceTree = "<group>";
		};
		078F46961F9EE6D100F8BE2F /* List */ = {
			isa = PBXGroup;
			children = (
				078F469D1F9EE73200F8BE2F /* ModelList.swift */,
				078F469E1F9EE73200F8BE2F /* ModelListMain.swift */,
			);
			path = List;
			sourceTree = "<group>";
		};
		078F46971F9EE6E400F8BE2F /* Bulletin */ = {
			isa = PBXGroup;
			children = (
				078F46A11F9EE73E00F8BE2F /* ModelBulletin.swift */,
				078F46A21F9EE73E00F8BE2F /* ModelBulletinMain.swift */,
			);
			path = Bulletin;
			sourceTree = "<group>";
		};
		078F46981F9EE6F900F8BE2F /* Media */ = {
			isa = PBXGroup;
			children = (
				078F46A51F9EE74800F8BE2F /* ModelMedia.swift */,
				078F46A61F9EE74800F8BE2F /* ModelMediaMain.swift */,
			);
			path = Media;
			sourceTree = "<group>";
		};
		078F46A91F9F9E5100F8BE2F /* HelperModel */ = {
			isa = PBXGroup;
			children = (
				078F46AA1F9F9E7700F8BE2F /* ModelRequestHelper.swift */,
				07F488151FC7A60900972D11 /* FilterContainer.swift */,
			);
			path = HelperModel;
			sourceTree = "<group>";
		};
		078F46C11FA1173600F8BE2F /* FlashDetail */ = {
			isa = PBXGroup;
			children = (
				078F46C21FA11A8D00F8BE2F /* FlashDetailViewController.swift */,
			);
			path = FlashDetail;
			sourceTree = "<group>";
		};
		078F46C61FA18EB900F8BE2F /* ListDetail */ = {
			isa = PBXGroup;
			children = (
				078F46C71FA18F3700F8BE2F /* ListDetailViewController.swift */,
				07AA52121FBF6AF500021159 /* MyReviewViewController.swift */,
			);
			path = ListDetail;
			sourceTree = "<group>";
		};
		078F46C91FA2C9CD00F8BE2F /* Job */ = {
			isa = PBXGroup;
			children = (
				078F46CA1FA2CA6400F8BE2F /* Job.swift */,
				078F46CB1FA2CA6400F8BE2F /* ModelJob.swift */,
				078F46CC1FA2CA6400F8BE2F /* ModelJobMain.swift */,
			);
			path = Job;
			sourceTree = "<group>";
		};
		078F46FE1FA76E7900F8BE2F /* CategoryModel */ = {
			isa = PBXGroup;
			children = (
				078F46FF1FA76E9C00F8BE2F /* Category.swift */,
				078F47001FA76E9C00F8BE2F /* CategoryMain.swift */,
				078F47011FA76E9C00F8BE2F /* Data.swift */,
			);
			path = CategoryModel;
			sourceTree = "<group>";
		};
		078F47051FA7AB6400F8BE2F /* CategorySelection */ = {
			isa = PBXGroup;
			children = (
				078F47061FA7AB9D00F8BE2F /* CategorySelectionViewController.swift */,
			);
			path = CategorySelection;
			sourceTree = "<group>";
		};
		078F470C1FABB18000F8BE2F /* JobDetail */ = {
			isa = PBXGroup;
			children = (
				078F470D1FABB1A900F8BE2F /* JobDetailViewController.swift */,
			);
			path = JobDetail;
			sourceTree = "<group>";
		};
		07A49D281F86AFE00022562D = {
			isa = PBXGroup;
			children = (
				07A49D331F86AFE00022562D /* NewsApp */,
				07A49D321F86AFE00022562D /* Products */,
				15DAB443A71C55A4D022D8AC /* Pods */,
				69613459A5E849736405D29B /* Frameworks */,
			);
			sourceTree = "<group>";
		};
		07A49D321F86AFE00022562D /* Products */ = {
			isa = PBXGroup;
			children = (
				07A49D311F86AFE00022562D /* NewsApp.app */,
			);
			name = Products;
			sourceTree = "<group>";
		};
		07A49D331F86AFE00022562D /* NewsApp */ = {
			isa = PBXGroup;
			children = (
				07A49D621F86B1F30022562D /* Application */,
				07A49D871F86B1F30022562D /* ViewController */,
				07A49D8D1F86B1F30022562D /* Views */,
				07A49D7B1F86B1F30022562D /* Models */,
				078F45EC1F8DC15A00F8BE2F /* ViewModel */,
				07A49D821F86B1F30022562D /* Service */,
				07A49D681F86B1F30022562D /* Library */,
				07A49D7F1F86B1F30022562D /* Resources */,
			);
			path = NewsApp;
			sourceTree = "<group>";
		};
		07A49D621F86B1F30022562D /* Application */ = {
			isa = PBXGroup;
			children = (
				078F46AE1FA042F000F8BE2F /* NewsApp-Bridging-Header.h */,
				07A49D631F86B1F30022562D /* AppDelegate.swift */,
				078F45FA1F8FD8D200F8BE2F /* ConstantMethods.swift */,
				07A49D641F86B1F30022562D /* Constant.swift */,
				07A49D651F86B1F30022562D /* Storyboard */,
			);
			path = Application;
			sourceTree = "<group>";
		};
		07A49D651F86B1F30022562D /* Storyboard */ = {
			isa = PBXGroup;
			children = (
				07A49D661F86B1F30022562D /* LaunchScreen.storyboard */,
				07A49D671F86B1F30022562D /* Main.storyboard */,
			);
			path = Storyboard;
			sourceTree = "<group>";
		};
		07A49D681F86B1F30022562D /* Library */ = {
			isa = PBXGroup;
			children = (
				07A49D691F86B1F30022562D /* Helper */,
				07A49D6D1F86B1F30022562D /* Vendor */,
			);
			path = Library;
			sourceTree = "<group>";
		};
		07A49D691F86B1F30022562D /* Helper */ = {
			isa = PBXGroup;
			children = (
				078F470A1FAAC9B200F8BE2F /* Utility.swift */,
				078F47081FA8FEF600F8BE2F /* PhotoSaver.swift */,
			);
			path = Helper;
			sourceTree = "<group>";
		};
		07A49D6D1F86B1F30022562D /* Vendor */ = {
			isa = PBXGroup;
			children = (
				07AF15381FB38F5700FBE928 /* LGSideMenuController */,
				07A49D701F86B1F30022562D /* LoadMore&Views */,
				07A49D7A1F86B1F30022562D /* RevealingSplashView.swift */,
			);
			path = Vendor;
			sourceTree = "<group>";
		};
		07A49D701F86B1F30022562D /* LoadMore&Views */ = {
			isa = PBXGroup;
			children = (
				07A49D721F86B1F30022562D /* Views */,
			);
			path = "LoadMore&Views";
			sourceTree = "<group>";
		};
		07A49D721F86B1F30022562D /* Views */ = {
			isa = PBXGroup;
			children = (
				07A49D731F86B1F30022562D /* Animations */,
				07A49D751F86B1F30022562D /* NVActivityIndicatorAnimationDelegate.swift */,
				07A49D761F86B1F30022562D /* NVActivityIndicatorPresenter.swift */,
				07A49D771F86B1F30022562D /* NVActivityIndicatorShape.swift */,
				07A49D781F86B1F30022562D /* NVActivityIndicatorView.swift */,
				07A49D791F86B1F30022562D /* NVActivityIndicatorViewable.swift */,
			);
			path = Views;
			sourceTree = "<group>";
		};
		07A49D731F86B1F30022562D /* Animations */ = {
			isa = PBXGroup;
			children = (
				07A49D741F86B1F30022562D /* NVActivityIndicatorAnimationLineScaleParty.swift */,
			);
			path = Animations;
			sourceTree = "<group>";
		};
		07A49D7B1F86B1F30022562D /* Models */ = {
			isa = PBXGroup;
			children = (
				07FBF9CC1FC00AF400B93E33 /* ListDetail */,
				07825BD71FBFF11F004A7B30 /* Rating */,
				078F46FE1FA76E7900F8BE2F /* CategoryModel */,
				078F46A91F9F9E5100F8BE2F /* HelperModel */,
				078F46921F9EE48B00F8BE2F /* Home */,
				078F45F01F8DC25400F8BE2F /* ResultModel.swift */,
				07A49D7C1F86B1F30022562D /* BaseModel.swift */,
				07A49D7D1F86B1F30022562D /* LoginModel */,
			);
			path = Models;
			sourceTree = "<group>";
		};
		07A49D7D1F86B1F30022562D /* LoginModel */ = {
			isa = PBXGroup;
			children = (
				078F46081F959CF800F8BE2F /* ModelLogin.swift */,
				078F46091F959CF800F8BE2F /* ModelLoginData.swift */,
				078F460A1F959CF800F8BE2F /* ModelUser.swift */,
			);
			path = LoginModel;
			sourceTree = "<group>";
		};
		07A49D7F1F86B1F30022562D /* Resources */ = {
			isa = PBXGroup;
			children = (
				07A49D801F86B1F30022562D /* Assets.xcassets */,
				07A49D811F86B1F30022562D /* Info.plist */,
			);
			path = Resources;
			sourceTree = "<group>";
		};
		07A49D821F86B1F30022562D /* Service */ = {
			isa = PBXGroup;
			children = (
				07A49D831F86B1F30022562D /* Network */,
			);
			path = Service;
			sourceTree = "<group>";
		};
		07A49D831F86B1F30022562D /* Network */ = {
			isa = PBXGroup;
			children = (
				078430891F8C665B000368EB /* APIService.swift */,
				0784308A1F8C665B000368EB /* APISessionService.swift */,
				0784308B1F8C665B000368EB /* NetworkService.swift */,
				0784308C1F8C665B000368EB /* Reachability.swift */,
			);
			path = Network;
			sourceTree = "<group>";
		};
		07A49D871F86B1F30022562D /* ViewController */ = {
			isa = PBXGroup;
			children = (
				07FBF9C91FC0006A00B93E33 /* PostListingScreen */,
				07825BD61FBFEE0A004A7B30 /* RatingListViewController */,
				07AF15331FABBC0000FBE928 /* PostJobViewController */,
				078F470C1FABB18000F8BE2F /* JobDetail */,
				078F47051FA7AB6400F8BE2F /* CategorySelection */,
				078F46C61FA18EB900F8BE2F /* ListDetail */,
				078F46C11FA1173600F8BE2F /* FlashDetail */,
				078F46051F953CA100F8BE2F /* ChangePassword */,
				078F45FF1F9526B700F8BE2F /* Home */,
				07A49D881F86B1F30022562D /* BaseViewController */,
				07A49D8A1F86B1F30022562D /* Onboard */,
			);
			path = ViewController;
			sourceTree = "<group>";
		};
		07A49D881F86B1F30022562D /* BaseViewController */ = {
			isa = PBXGroup;
			children = (
				07A49D891F86B1F30022562D /* BaseViewController.swift */,
			);
			path = BaseViewController;
			sourceTree = "<group>";
		};
		07A49D8A1F86B1F30022562D /* Onboard */ = {
			isa = PBXGroup;
			children = (
				078F45E91F8D460F00F8BE2F /* Signup */,
				07A49D8B1F86B1F30022562D /* LoginVC */,
			);
			path = Onboard;
			sourceTree = "<group>";
		};
		07A49D8B1F86B1F30022562D /* LoginVC */ = {
			isa = PBXGroup;
			children = (
				078F45E51F8D43DE00F8BE2F /* LoginViewController.swift */,
				078F45F41F8DC66400F8BE2F /* LoginViewControllerExtension.swift */,
			);
			path = LoginVC;
			sourceTree = "<group>";
		};
		07A49D8D1F86B1F30022562D /* Views */ = {
			isa = PBXGroup;
			children = (
				07A49D8F1F86B1F30022562D /* TableViewCell */,
				078F465F1F9D14C500F8BE2F /* CollectionViewCell */,
				078F465C1F9D103F00F8BE2F /* HomeCollectionView */,
				078F46551F9CDA0000F8BE2F /* SliderView */,
				078F46001F952D2600F8BE2F /* NavigationBar */,
				078F45E01F8D27AE00F8BE2F /* Extension */,
				07A49D8E1F86B1F30022562D /* Manager */,
			);
			path = Views;
			sourceTree = "<group>";
		};
		07A49D8E1F86B1F30022562D /* Manager */ = {
			isa = PBXGroup;
			children = (
			);
			path = Manager;
			sourceTree = "<group>";
		};
		07A49D8F1F86B1F30022562D /* TableViewCell */ = {
			isa = PBXGroup;
			children = (
				07AA52321FBF6D5100021159 /* Review */,
				07AA52141FBF6D2300021159 /* Bullatine */,
				07AA52171FBF6D2300021159 /* Flash */,
				07AA521A1FBF6D2300021159 /* Job */,
				07AA521D1FBF6D2300021159 /* JobDetail */,
				07AA52201FBF6D2300021159 /* Listing */,
				07AA52231FBF6D2300021159 /* Media */,
			);
			path = TableViewCell;
			sourceTree = "<group>";
		};
		07AA52141FBF6D2300021159 /* Bullatine */ = {
			isa = PBXGroup;
			children = (
				07AA52151FBF6D2300021159 /* BullatineTableViewCell.swift */,
				07AA52161FBF6D2300021159 /* BullatineTableViewCell.xib */,
			);
			path = Bullatine;
			sourceTree = "<group>";
		};
		07AA52171FBF6D2300021159 /* Flash */ = {
			isa = PBXGroup;
			children = (
				07AA52181FBF6D2300021159 /* FlashTableViewCell.swift */,
				07AA52191FBF6D2300021159 /* FlashTableViewCell.xib */,
			);
			path = Flash;
			sourceTree = "<group>";
		};
		07AA521A1FBF6D2300021159 /* Job */ = {
			isa = PBXGroup;
			children = (
				07AA521B1FBF6D2300021159 /* JobTableViewCell.swift */,
				07AA521C1FBF6D2300021159 /* JobTableViewCell.xib */,
			);
			path = Job;
			sourceTree = "<group>";
		};
		07AA521D1FBF6D2300021159 /* JobDetail */ = {
			isa = PBXGroup;
			children = (
				07AA521E1FBF6D2300021159 /* JobDetailTableViewCell.swift */,
				07AA521F1FBF6D2300021159 /* JobDetailTableViewCell.xib */,
			);
			path = JobDetail;
			sourceTree = "<group>";
		};
		07AA52201FBF6D2300021159 /* Listing */ = {
			isa = PBXGroup;
			children = (
				07AA52211FBF6D2300021159 /* ListingTableViewCell.swift */,
				07AA52221FBF6D2300021159 /* ListingTableViewCell.xib */,
			);
			path = Listing;
			sourceTree = "<group>";
		};
		07AA52231FBF6D2300021159 /* Media */ = {
			isa = PBXGroup;
			children = (
				07AA52241FBF6D2300021159 /* MeddiaTableViewCell.swift */,
				07AA52251FBF6D2300021159 /* MeddiaTableViewCell.xib */,
			);
			path = Media;
			sourceTree = "<group>";
		};
		07AA52321FBF6D5100021159 /* Review */ = {
			isa = PBXGroup;
			children = (
				07AA52331FBF6D5100021159 /* ReviewTableViewCell.swift */,
				07AA52341FBF6D5100021159 /* ReviewTableViewCell.xib */,
			);
			path = Review;
			sourceTree = "<group>";
		};
		07AF15331FABBC0000FBE928 /* PostJobViewController */ = {
			isa = PBXGroup;
			children = (
				07AF15341FABBC2A00FBE928 /* PostJobViewController.swift */,
				07AF15361FAC0ED400FBE928 /* PostJobViewCotrollerExtension.swift */,
			);
			path = PostJobViewController;
			sourceTree = "<group>";
		};
		07AF15381FB38F5700FBE928 /* LGSideMenuController */ = {
			isa = PBXGroup;
			children = (
				07AF15391FB38F5700FBE928 /* LGSideMenuBorderView.h */,
				07AF153A1FB38F5700FBE928 /* LGSideMenuBorderView.m */,
				07AF153B1FB38F5700FBE928 /* LGSideMenuController.h */,
				07AF153C1FB38F5700FBE928 /* LGSideMenuController.m */,
				07AF153D1FB38F5700FBE928 /* LGSideMenuGesturesHandler.h */,
				07AF153E1FB38F5700FBE928 /* LGSideMenuGesturesHandler.m */,
				07AF153F1FB38F5700FBE928 /* LGSideMenuHelper.h */,
				07AF15401FB38F5700FBE928 /* LGSideMenuHelper.m */,
				07AF15411FB38F5700FBE928 /* LGSideMenuSegue.h */,
				07AF15421FB38F5700FBE928 /* LGSideMenuSegue.m */,
				07AF15431FB38F5700FBE928 /* LGSideMenuView.h */,
				07AF15441FB38F5700FBE928 /* LGSideMenuView.m */,
				07AF15451FB38F5700FBE928 /* UIViewController+LGSideMenuController.h */,
				07AF15461FB38F5700FBE928 /* UIViewController+LGSideMenuController.m */,
			);
			path = LGSideMenuController;
			sourceTree = "<group>";
		};
		07FBF9C91FC0006A00B93E33 /* PostListingScreen */ = {
			isa = PBXGroup;
			children = (
				07FBF9CA1FC000A700B93E33 /* PostListingScreen.swift */,
			);
			path = PostListingScreen;
			sourceTree = "<group>";
		};
		07FBF9CC1FC00AF400B93E33 /* ListDetail */ = {
			isa = PBXGroup;
			children = (
				07FBF9CD1FC00B1600B93E33 /* ListDetailMain.swift */,
			);
			path = ListDetail;
			sourceTree = "<group>";
		};
		15DAB443A71C55A4D022D8AC /* Pods */ = {
			isa = PBXGroup;
			children = (
				633795B34E696785A554349D /* Pods-NewsApp.debug.xcconfig */,
				2FBE3D050966A30FBD219437 /* Pods-NewsApp.release.xcconfig */,
			);
			name = Pods;
			sourceTree = "<group>";
		};
		69613459A5E849736405D29B /* Frameworks */ = {
			isa = PBXGroup;
			children = (
				E94DCF7A29ECF7108F54BD57 /* Pods_NewsApp.framework */,
			);
			name = Frameworks;
			sourceTree = "<group>";
		};
/* End PBXGroup section */

/* Begin PBXNativeTarget section */
		07A49D301F86AFE00022562D /* NewsApp */ = {
			isa = PBXNativeTarget;
			buildConfigurationList = 07A49D431F86AFE00022562D /* Build configuration list for PBXNativeTarget "NewsApp" */;
			buildPhases = (
				86F8B6C5DF62D0265D740AA7 /* [CP] Check Pods Manifest.lock */,
				07A49D2D1F86AFE00022562D /* Sources */,
				07A49D2E1F86AFE00022562D /* Frameworks */,
				07A49D2F1F86AFE00022562D /* Resources */,
				5E46EB3151A42791CAFC7582 /* [CP] Embed Pods Frameworks */,
				40DCDD787BB5AFA0488411FA /* [CP] Copy Pods Resources */,
			);
			buildRules = (
			);
			dependencies = (
			);
			name = NewsApp;
			productName = NewsApp;
			productReference = 07A49D311F86AFE00022562D /* NewsApp.app */;
			productType = "com.apple.product-type.application";
		};
/* End PBXNativeTarget section */

/* Begin PBXProject section */
		07A49D291F86AFE00022562D /* Project object */ = {
			isa = PBXProject;
			attributes = {
				LastSwiftUpdateCheck = 0830;
				LastUpgradeCheck = 0830;
				ORGANIZATIONNAME = "Aman Prajapati";
				TargetAttributes = {
					07A49D301F86AFE00022562D = {
						CreatedOnToolsVersion = 8.3.1;
						LastSwiftMigration = 0830;
						ProvisioningStyle = Manual;
					};
				};
			};
			buildConfigurationList = 07A49D2C1F86AFE00022562D /* Build configuration list for PBXProject "NewsApp" */;
			compatibilityVersion = "Xcode 3.2";
			developmentRegion = English;
			hasScannedForEncodings = 0;
			knownRegions = (
				en,
				Base,
			);
			mainGroup = 07A49D281F86AFE00022562D;
			productRefGroup = 07A49D321F86AFE00022562D /* Products */;
			projectDirPath = "";
			projectRoot = "";
			targets = (
				07A49D301F86AFE00022562D /* NewsApp */,
			);
		};
/* End PBXProject section */

/* Begin PBXResourcesBuildPhase section */
		07A49D2F1F86AFE00022562D /* Resources */ = {
			isa = PBXResourcesBuildPhase;
			buildActionMask = 2147483647;
			files = (
				078F46741F9E603000F8BE2F /* JobCollectionViewCell.xib in Resources */,
				07AA52361FBF6D5100021159 /* ReviewTableViewCell.xib in Resources */,
				078F46781F9E604100F8BE2F /* MediaCollectionViewCell.xib in Resources */,
				07AA522B1FBF6D2300021159 /* JobTableViewCell.xib in Resources */,
				07A49DA61F86B1F30022562D /* Info.plist in Resources */,
				07AA522D1FBF6D2300021159 /* JobDetailTableViewCell.xib in Resources */,
				078F46681F9E5FE200F8BE2F /* FlashCollectionViewCell.xib in Resources */,
				07AA52291FBF6D2300021159 /* FlashTableViewCell.xib in Resources */,
				07A49D951F86B1F30022562D /* LaunchScreen.storyboard in Resources */,
				078F46701F9E601F00F8BE2F /* BulletineCollectionViewCell.xib in Resources */,
				07A49DA51F86B1F30022562D /* Assets.xcassets in Resources */,
				078F466C1F9E600300F8BE2F /* ListingCollectionViewCell.xib in Resources */,
				07A49D961F86B1F30022562D /* Main.storyboard in Resources */,
				07AA52271FBF6D2300021159 /* BullatineTableViewCell.xib in Resources */,
				078F465B1F9CDA2600F8BE2F /* STVSegmentButtonCell.xib in Resources */,
				07AA522F1FBF6D2300021159 /* ListingTableViewCell.xib in Resources */,
				07AA52311FBF6D2300021159 /* MeddiaTableViewCell.xib in Resources */,
			);
			runOnlyForDeploymentPostprocessing = 0;
		};
/* End PBXResourcesBuildPhase section */

/* Begin PBXShellScriptBuildPhase section */
		40DCDD787BB5AFA0488411FA /* [CP] Copy Pods Resources */ = {
			isa = PBXShellScriptBuildPhase;
			buildActionMask = 2147483647;
			files = (
			);
			inputPaths = (
				"${SRCROOT}/Pods/Target Support Files/Pods-NewsApp/Pods-NewsApp-resources.sh",
				"${PODS_ROOT}/GoogleMaps/Maps/Frameworks/GoogleMaps.framework/Versions/A/Resources/GoogleMaps.bundle",
				"${PODS_ROOT}/GooglePlacePicker/Frameworks/GooglePlacePicker.framework/Versions/A/Resources/GooglePlacePicker.bundle",
				"${PODS_ROOT}/GooglePlaces/Frameworks/GooglePlaces.framework/Versions/A/Resources/GooglePlaces.bundle",
				"${PODS_ROOT}/GoogleSignIn/Resources/GoogleSignIn.bundle",
			);
			name = "[CP] Copy Pods Resources";
			outputPaths = (
				"${TARGET_BUILD_DIR}/${UNLOCALIZED_RESOURCES_FOLDER_PATH}",
			);
			runOnlyForDeploymentPostprocessing = 0;
			shellPath = /bin/sh;
			shellScript = "\"${SRCROOT}/Pods/Target Support Files/Pods-NewsApp/Pods-NewsApp-resources.sh\"\n";
			showEnvVarsInLog = 0;
		};
		5E46EB3151A42791CAFC7582 /* [CP] Embed Pods Frameworks */ = {
			isa = PBXShellScriptBuildPhase;
			buildActionMask = 2147483647;
			files = (
			);
			inputPaths = (
				"${SRCROOT}/Pods/Target Support Files/Pods-NewsApp/Pods-NewsApp-frameworks.sh",
				"${BUILT_PRODUCTS_DIR}/Alamofire/Alamofire.framework",
				"${BUILT_PRODUCTS_DIR}/AlamofireObjectMapper/AlamofireObjectMapper.framework",
				"${BUILT_PRODUCTS_DIR}/BPStatusBarAlert/BPStatusBarAlert.framework",
				"${BUILT_PRODUCTS_DIR}/Bolts/Bolts.framework",
				"${BUILT_PRODUCTS_DIR}/CRNotifications/CRNotifications.framework",
				"${BUILT_PRODUCTS_DIR}/FBSDKCoreKit/FBSDKCoreKit.framework",
				"${BUILT_PRODUCTS_DIR}/FBSDKLoginKit/FBSDKLoginKit.framework",
				"${BUILT_PRODUCTS_DIR}/FTPopOverMenu_Swift/FTPopOverMenu_Swift.framework",
				"${BUILT_PRODUCTS_DIR}/FacebookCore/FacebookCore.framework",
				"${BUILT_PRODUCTS_DIR}/FacebookLogin/FacebookLogin.framework",
				"${BUILT_PRODUCTS_DIR}/GTMOAuth2/GTMOAuth2.framework",
				"${BUILT_PRODUCTS_DIR}/GTMSessionFetcher/GTMSessionFetcher.framework",
				"${BUILT_PRODUCTS_DIR}/GoogleToolboxForMac/GoogleToolboxForMac.framework",
				"${BUILT_PRODUCTS_DIR}/HCSStarRatingView/HCSStarRatingView.framework",
				"${BUILT_PRODUCTS_DIR}/IBAnimatable/IBAnimatable.framework",
				"${BUILT_PRODUCTS_DIR}/IQKeyboardManagerSwift/IQKeyboardManagerSwift.framework",
				"${BUILT_PRODUCTS_DIR}/JDStatusBarNotification/JDStatusBarNotification.framework",
				"${BUILT_PRODUCTS_DIR}/Material/Material.framework",
				"${BUILT_PRODUCTS_DIR}/ObjectMapper/ObjectMapper.framework",
				"${BUILT_PRODUCTS_DIR}/RSFloatInputView/RSFloatInputView.framework",
				"${BUILT_PRODUCTS_DIR}/RaisePlaceholder/RaisePlaceholder.framework",
				"${BUILT_PRODUCTS_DIR}/SDWebImage/SDWebImage.framework",
			);
			name = "[CP] Embed Pods Frameworks";
			outputPaths = (
				"${TARGET_BUILD_DIR}/${FRAMEWORKS_FOLDER_PATH}/Alamofire.framework",
				"${TARGET_BUILD_DIR}/${FRAMEWORKS_FOLDER_PATH}/AlamofireObjectMapper.framework",
				"${TARGET_BUILD_DIR}/${FRAMEWORKS_FOLDER_PATH}/BPStatusBarAlert.framework",
				"${TARGET_BUILD_DIR}/${FRAMEWORKS_FOLDER_PATH}/Bolts.framework",
				"${TARGET_BUILD_DIR}/${FRAMEWORKS_FOLDER_PATH}/CRNotifications.framework",
				"${TARGET_BUILD_DIR}/${FRAMEWORKS_FOLDER_PATH}/FBSDKCoreKit.framework",
				"${TARGET_BUILD_DIR}/${FRAMEWORKS_FOLDER_PATH}/FBSDKLoginKit.framework",
				"${TARGET_BUILD_DIR}/${FRAMEWORKS_FOLDER_PATH}/FTPopOverMenu_Swift.framework",
				"${TARGET_BUILD_DIR}/${FRAMEWORKS_FOLDER_PATH}/FacebookCore.framework",
				"${TARGET_BUILD_DIR}/${FRAMEWORKS_FOLDER_PATH}/FacebookLogin.framework",
				"${TARGET_BUILD_DIR}/${FRAMEWORKS_FOLDER_PATH}/GTMOAuth2.framework",
				"${TARGET_BUILD_DIR}/${FRAMEWORKS_FOLDER_PATH}/GTMSessionFetcher.framework",
				"${TARGET_BUILD_DIR}/${FRAMEWORKS_FOLDER_PATH}/GoogleToolboxForMac.framework",
				"${TARGET_BUILD_DIR}/${FRAMEWORKS_FOLDER_PATH}/HCSStarRatingView.framework",
				"${TARGET_BUILD_DIR}/${FRAMEWORKS_FOLDER_PATH}/IBAnimatable.framework",
				"${TARGET_BUILD_DIR}/${FRAMEWORKS_FOLDER_PATH}/IQKeyboardManagerSwift.framework",
				"${TARGET_BUILD_DIR}/${FRAMEWORKS_FOLDER_PATH}/JDStatusBarNotification.framework",
				"${TARGET_BUILD_DIR}/${FRAMEWORKS_FOLDER_PATH}/Material.framework",
				"${TARGET_BUILD_DIR}/${FRAMEWORKS_FOLDER_PATH}/ObjectMapper.framework",
				"${TARGET_BUILD_DIR}/${FRAMEWORKS_FOLDER_PATH}/RSFloatInputView.framework",
				"${TARGET_BUILD_DIR}/${FRAMEWORKS_FOLDER_PATH}/RaisePlaceholder.framework",
				"${TARGET_BUILD_DIR}/${FRAMEWORKS_FOLDER_PATH}/SDWebImage.framework",
			);
			runOnlyForDeploymentPostprocessing = 0;
			shellPath = /bin/sh;
			shellScript = "\"${SRCROOT}/Pods/Target Support Files/Pods-NewsApp/Pods-NewsApp-frameworks.sh\"\n";
			showEnvVarsInLog = 0;
		};
		86F8B6C5DF62D0265D740AA7 /* [CP] Check Pods Manifest.lock */ = {
			isa = PBXShellScriptBuildPhase;
			buildActionMask = 2147483647;
			files = (
			);
			inputPaths = (
				"${PODS_PODFILE_DIR_PATH}/Podfile.lock",
				"${PODS_ROOT}/Manifest.lock",
			);
			name = "[CP] Check Pods Manifest.lock";
			outputPaths = (
				"$(DERIVED_FILE_DIR)/Pods-NewsApp-checkManifestLockResult.txt",
			);
			runOnlyForDeploymentPostprocessing = 0;
			shellPath = /bin/sh;
			shellScript = "diff \"${PODS_PODFILE_DIR_PATH}/Podfile.lock\" \"${PODS_ROOT}/Manifest.lock\" > /dev/null\nif [ $? != 0 ] ; then\n    # print error to STDERR\n    echo \"error: The sandbox is not in sync with the Podfile.lock. Run 'pod install' or update your CocoaPods installation.\" >&2\n    exit 1\nfi\n# This output is used by Xcode 'outputs' to avoid re-running this script phase.\necho \"SUCCESS\" > \"${SCRIPT_OUTPUT_FILE_0}\"\n";
			showEnvVarsInLog = 0;
		};
/* End PBXShellScriptBuildPhase section */

/* Begin PBXSourcesBuildPhase section */
		07A49D2D1F86AFE00022562D /* Sources */ = {
			isa = PBXSourcesBuildPhase;
			buildActionMask = 2147483647;
			files = (
				078F45EB1F8D464B00F8BE2F /* SignupViewController.swift in Sources */,
				078F47031FA76E9C00F8BE2F /* CategoryMain.swift in Sources */,
				07FBF9CB1FC000A700B93E33 /* PostListingScreen.swift in Sources */,
				078F46A81F9EE74800F8BE2F /* ModelMediaMain.swift in Sources */,
				078F46731F9E603000F8BE2F /* JobCollectionViewCell.swift in Sources */,
				07AA52281FBF6D2300021159 /* FlashTableViewCell.swift in Sources */,
				078F46C51FA1873000F8BE2F /* HomeViewControllerExtension.swift in Sources */,
				07FBF9CE1FC00B1600B93E33 /* ListDetailMain.swift in Sources */,
				078F460C1F959CF800F8BE2F /* ModelLoginData.swift in Sources */,
				0784308E1F8C665B000368EB /* APISessionService.swift in Sources */,
				078F47041FA76E9C00F8BE2F /* Data.swift in Sources */,
				07AF15471FB38F5700FBE928 /* LGSideMenuBorderView.m in Sources */,
				07AA522C1FBF6D2300021159 /* JobDetailTableViewCell.swift in Sources */,
				0784308D1F8C665B000368EB /* APIService.swift in Sources */,
				078F46CD1FA2CA6400F8BE2F /* Job.swift in Sources */,
				078F45F31F8DC53D00F8BE2F /* TextFieldExtension.swift in Sources */,
				07A49DA01F86B1F30022562D /* NVActivityIndicatorView.swift in Sources */,
				07AF154D1FB38F5700FBE928 /* UIViewController+LGSideMenuController.m in Sources */,
				0784308F1F8C665B000368EB /* NetworkService.swift in Sources */,
				078F461A1F9C909A00F8BE2F /* UIColorExtension.swift in Sources */,
				07AA522E1FBF6D2300021159 /* ListingTableViewCell.swift in Sources */,
				078F46941F9EE4B900F8BE2F /* ModelBaseHome.swift in Sources */,
				07A49DAA1F86B1F30022562D /* BaseViewController.swift in Sources */,
				078F46AB1F9F9E7700F8BE2F /* ModelRequestHelper.swift in Sources */,
				078F466B1F9E600300F8BE2F /* ListingCollectionViewCell.swift in Sources */,
				07AF154C1FB38F5700FBE928 /* LGSideMenuView.m in Sources */,
				078F46591F9CDA2600F8BE2F /* STVSegmentButton.swift in Sources */,
				07A49D9C1F86B1F30022562D /* NVActivityIndicatorAnimationLineScaleParty.swift in Sources */,
				078F46541F9CCB0400F8BE2F /* TableviewCellRegister.swift in Sources */,
				078F46111F9B920C00F8BE2F /* ChangePasswordViewControllerExtension.swift in Sources */,
				078F469B1F9EE72000F8BE2F /* ModelFlash.swift in Sources */,
				078F46C31FA11A8D00F8BE2F /* FlashDetailViewController.swift in Sources */,
				078F46671F9E5FE200F8BE2F /* FlashCollectionViewCell.swift in Sources */,
				078F466F1F9E601F00F8BE2F /* BulletineCollectionViewCell.swift in Sources */,
				07A49D9D1F86B1F30022562D /* NVActivityIndicatorAnimationDelegate.swift in Sources */,
				078F46A31F9EE73E00F8BE2F /* ModelBulletin.swift in Sources */,
				07AF15481FB38F5700FBE928 /* LGSideMenuController.m in Sources */,
				078F46A01F9EE73200F8BE2F /* ModelListMain.swift in Sources */,
				078F45F11F8DC25400F8BE2F /* ResultModel.swift in Sources */,
				078F45FB1F8FD8D200F8BE2F /* ConstantMethods.swift in Sources */,
				078F46CE1FA2CA6400F8BE2F /* ModelJob.swift in Sources */,
				078F47091FA8FEF600F8BE2F /* PhotoSaver.swift in Sources */,
				078F470B1FAAC9B200F8BE2F /* Utility.swift in Sources */,
				07A49DA11F86B1F30022562D /* NVActivityIndicatorViewable.swift in Sources */,
				078F46071F953CC500F8BE2F /* ChangePasswordViewController.swift in Sources */,
				078F47071FA7AB9D00F8BE2F /* CategorySelectionViewController.swift in Sources */,
				078F460B1F959CF800F8BE2F /* ModelLogin.swift in Sources */,
				07AA52261FBF6D2300021159 /* BullatineTableViewCell.swift in Sources */,
				078F465A1F9CDA2600F8BE2F /* STVSegmentButtonCell.swift in Sources */,
				07AA52351FBF6D5100021159 /* ReviewTableViewCell.swift in Sources */,
				078F46AD1F9FA70000F8BE2F /* StringExtension.swift in Sources */,
				07AA52301FBF6D2300021159 /* MeddiaTableViewCell.swift in Sources */,
				07A49D931F86B1F30022562D /* AppDelegate.swift in Sources */,
				07AF154B1FB38F5700FBE928 /* LGSideMenuSegue.m in Sources */,
				078F46A41F9EE73E00F8BE2F /* ModelBulletinMain.swift in Sources */,
				07825BDB1FBFF131004A7B30 /* RatingListMain.swift in Sources */,
				07A49DA31F86B1F30022562D /* BaseModel.swift in Sources */,
				078F47021FA76E9C00F8BE2F /* Category.swift in Sources */,
				07AA52131FBF6AF500021159 /* MyReviewViewController.swift in Sources */,
				078F45F71F8DC85100F8BE2F /* SignupViewControllerExtension.swift in Sources */,
				07AA522A1FBF6D2300021159 /* JobTableViewCell.swift in Sources */,
				07F488161FC7A60900972D11 /* FilterContainer.swift in Sources */,
				07A49DA21F86B1F30022562D /* RevealingSplashView.swift in Sources */,
				07AF15491FB38F5700FBE928 /* LGSideMenuGesturesHandler.m in Sources */,
				078430901F8C665B000368EB /* Reachability.swift in Sources */,
				07A49D941F86B1F30022562D /* Constant.swift in Sources */,
				078F46A71F9EE74800F8BE2F /* ModelMedia.swift in Sources */,
				07825BDA1FBFF131004A7B30 /* ModelRatingData.swift in Sources */,
				078F45E61F8D43DE00F8BE2F /* LoginViewController.swift in Sources */,
				078F46771F9E604100F8BE2F /* MediaCollectionViewCell.swift in Sources */,
				07AF154A1FB38F5700FBE928 /* LGSideMenuHelper.m in Sources */,
				078F46041F952FCC00F8BE2F /* HomeViewController.swift in Sources */,
				07AF154F1FB3915600FBE928 /* MainViewController.swift in Sources */,
				078F45F91F8DC87E00F8BE2F /* SignupViewModel.swift in Sources */,
				078F470E1FABB1A900F8BE2F /* JobDetailViewController.swift in Sources */,
				078F46C81FA18F3700F8BE2F /* ListDetailViewController.swift in Sources */,
				07A49D9E1F86B1F30022562D /* NVActivityIndicatorPresenter.swift in Sources */,
				078F46CF1FA2CA6400F8BE2F /* ModelJobMain.swift in Sources */,
				078F45FE1F92278500F8BE2F /* UIButtonExtension.swift in Sources */,
				078F460D1F959CF800F8BE2F /* ModelUser.swift in Sources */,
				078F45E21F8D27D600F8BE2F /* AppdelegateExtension.swift in Sources */,
				078F46021F952D4400F8BE2F /* NavigationBar.swift in Sources */,
				07825BDD1FBFF1A1004A7B30 /* RatingListViewController.swift in Sources */,
				078F45EF1F8DC1B300F8BE2F /* LoginViewModel.swift in Sources */,
				078F45F51F8DC66400F8BE2F /* LoginViewControllerExtension.swift in Sources */,
				07AF15351FABBC2A00FBE928 /* PostJobViewController.swift in Sources */,
				078F469C1F9EE72000F8BE2F /* ModelFlashMain.swift in Sources */,
				078F460F1F9B918400F8BE2F /* ChangePasswordViewModel.swift in Sources */,
				078F469F1F9EE73200F8BE2F /* ModelList.swift in Sources */,
				07AF15371FAC0ED400FBE928 /* PostJobViewCotrollerExtension.swift in Sources */,
				07A49D9F1F86B1F30022562D /* NVActivityIndicatorShape.swift in Sources */,
				078F465E1F9D106300F8BE2F /* HomeCollectionView.swift in Sources */,
			);
			runOnlyForDeploymentPostprocessing = 0;
		};
/* End PBXSourcesBuildPhase section */

/* Begin XCBuildConfiguration section */
		07A49D411F86AFE00022562D /* Debug */ = {
			isa = XCBuildConfiguration;
			buildSettings = {
				ALWAYS_SEARCH_USER_PATHS = NO;
				CLANG_ANALYZER_NONNULL = YES;
				CLANG_ANALYZER_NUMBER_OBJECT_CONVERSION = YES_AGGRESSIVE;
				CLANG_CXX_LANGUAGE_STANDARD = "gnu++0x";
				CLANG_CXX_LIBRARY = "libc++";
				CLANG_ENABLE_MODULES = YES;
				CLANG_ENABLE_OBJC_ARC = YES;
				CLANG_WARN_BOOL_CONVERSION = YES;
				CLANG_WARN_CONSTANT_CONVERSION = YES;
				CLANG_WARN_DIRECT_OBJC_ISA_USAGE = YES_ERROR;
				CLANG_WARN_DOCUMENTATION_COMMENTS = YES;
				CLANG_WARN_EMPTY_BODY = YES;
				CLANG_WARN_ENUM_CONVERSION = YES;
				CLANG_WARN_INFINITE_RECURSION = YES;
				CLANG_WARN_INT_CONVERSION = YES;
				CLANG_WARN_OBJC_ROOT_CLASS = YES_ERROR;
				CLANG_WARN_SUSPICIOUS_MOVE = YES;
				CLANG_WARN_UNREACHABLE_CODE = YES;
				CLANG_WARN__DUPLICATE_METHOD_MATCH = YES;
				"CODE_SIGN_IDENTITY[sdk=iphoneos*]" = "iPhone Developer";
				COPY_PHASE_STRIP = NO;
				DEBUG_INFORMATION_FORMAT = dwarf;
				ENABLE_STRICT_OBJC_MSGSEND = YES;
				ENABLE_TESTABILITY = YES;
				GCC_C_LANGUAGE_STANDARD = gnu99;
				GCC_DYNAMIC_NO_PIC = NO;
				GCC_NO_COMMON_BLOCKS = YES;
				GCC_OPTIMIZATION_LEVEL = 0;
				GCC_PREPROCESSOR_DEFINITIONS = (
					"DEBUG=1",
					"$(inherited)",
				);
				GCC_WARN_64_TO_32_BIT_CONVERSION = YES;
				GCC_WARN_ABOUT_RETURN_TYPE = YES_ERROR;
				GCC_WARN_UNDECLARED_SELECTOR = YES;
				GCC_WARN_UNINITIALIZED_AUTOS = YES_AGGRESSIVE;
				GCC_WARN_UNUSED_FUNCTION = YES;
				GCC_WARN_UNUSED_VARIABLE = YES;
				IPHONEOS_DEPLOYMENT_TARGET = 10.3;
				MTL_ENABLE_DEBUG_INFO = YES;
				ONLY_ACTIVE_ARCH = YES;
				SDKROOT = iphoneos;
				SWIFT_ACTIVE_COMPILATION_CONDITIONS = DEBUG;
				SWIFT_OPTIMIZATION_LEVEL = "-Onone";
			};
			name = Debug;
		};
		07A49D421F86AFE00022562D /* Release */ = {
			isa = XCBuildConfiguration;
			buildSettings = {
				ALWAYS_SEARCH_USER_PATHS = NO;
				CLANG_ANALYZER_NONNULL = YES;
				CLANG_ANALYZER_NUMBER_OBJECT_CONVERSION = YES_AGGRESSIVE;
				CLANG_CXX_LANGUAGE_STANDARD = "gnu++0x";
				CLANG_CXX_LIBRARY = "libc++";
				CLANG_ENABLE_MODULES = YES;
				CLANG_ENABLE_OBJC_ARC = YES;
				CLANG_WARN_BOOL_CONVERSION = YES;
				CLANG_WARN_CONSTANT_CONVERSION = YES;
				CLANG_WARN_DIRECT_OBJC_ISA_USAGE = YES_ERROR;
				CLANG_WARN_DOCUMENTATION_COMMENTS = YES;
				CLANG_WARN_EMPTY_BODY = YES;
				CLANG_WARN_ENUM_CONVERSION = YES;
				CLANG_WARN_INFINITE_RECURSION = YES;
				CLANG_WARN_INT_CONVERSION = YES;
				CLANG_WARN_OBJC_ROOT_CLASS = YES_ERROR;
				CLANG_WARN_SUSPICIOUS_MOVE = YES;
				CLANG_WARN_UNREACHABLE_CODE = YES;
				CLANG_WARN__DUPLICATE_METHOD_MATCH = YES;
				"CODE_SIGN_IDENTITY[sdk=iphoneos*]" = "iPhone Developer";
				COPY_PHASE_STRIP = NO;
				DEBUG_INFORMATION_FORMAT = "dwarf-with-dsym";
				ENABLE_NS_ASSERTIONS = NO;
				ENABLE_STRICT_OBJC_MSGSEND = YES;
				GCC_C_LANGUAGE_STANDARD = gnu99;
				GCC_NO_COMMON_BLOCKS = YES;
				GCC_WARN_64_TO_32_BIT_CONVERSION = YES;
				GCC_WARN_ABOUT_RETURN_TYPE = YES_ERROR;
				GCC_WARN_UNDECLARED_SELECTOR = YES;
				GCC_WARN_UNINITIALIZED_AUTOS = YES_AGGRESSIVE;
				GCC_WARN_UNUSED_FUNCTION = YES;
				GCC_WARN_UNUSED_VARIABLE = YES;
				IPHONEOS_DEPLOYMENT_TARGET = 10.3;
				MTL_ENABLE_DEBUG_INFO = NO;
				SDKROOT = iphoneos;
				SWIFT_OPTIMIZATION_LEVEL = "-Owholemodule";
				VALIDATE_PRODUCT = YES;
			};
			name = Release;
		};
		07A49D441F86AFE00022562D /* Debug */ = {
			isa = XCBuildConfiguration;
			baseConfigurationReference = 633795B34E696785A554349D /* Pods-NewsApp.debug.xcconfig */;
			buildSettings = {
				ASSETCATALOG_COMPILER_APPICON_NAME = AppIcon;
				CLANG_ENABLE_MODULES = YES;
				DEVELOPMENT_TEAM = "";
				INFOPLIST_FILE = "$(SRCROOT)/NewsApp/Resources/Info.plist";
				LD_RUNPATH_SEARCH_PATHS = "$(inherited) @executable_path/Frameworks";
				PRODUCT_BUNDLE_IDENTIFIER = com.newsapp.app;
				PRODUCT_NAME = "$(TARGET_NAME)";
				PROVISIONING_PROFILE_SPECIFIER = "";
				SWIFT_OBJC_BRIDGING_HEADER = "NewsApp/Views/NewsApp-Bridging-Header.h";
				SWIFT_OPTIMIZATION_LEVEL = "-Onone";
				SWIFT_VERSION = 3.0;
			};
			name = Debug;
		};
		07A49D451F86AFE00022562D /* Release */ = {
			isa = XCBuildConfiguration;
			baseConfigurationReference = 2FBE3D050966A30FBD219437 /* Pods-NewsApp.release.xcconfig */;
			buildSettings = {
				ASSETCATALOG_COMPILER_APPICON_NAME = AppIcon;
				CLANG_ENABLE_MODULES = YES;
				DEVELOPMENT_TEAM = "";
				INFOPLIST_FILE = "$(SRCROOT)/NewsApp/Resources/Info.plist";
				LD_RUNPATH_SEARCH_PATHS = "$(inherited) @executable_path/Frameworks";
				PRODUCT_BUNDLE_IDENTIFIER = com.newsapp.app;
				PRODUCT_NAME = "$(TARGET_NAME)";
				PROVISIONING_PROFILE_SPECIFIER = "";
				SWIFT_OBJC_BRIDGING_HEADER = "NewsApp/Views/NewsApp-Bridging-Header.h";
				SWIFT_VERSION = 3.0;
			};
			name = Release;
		};
/* End XCBuildConfiguration section */

/* Begin XCConfigurationList section */
		07A49D2C1F86AFE00022562D /* Build configuration list for PBXProject "NewsApp" */ = {
			isa = XCConfigurationList;
			buildConfigurations = (
				07A49D411F86AFE00022562D /* Debug */,
				07A49D421F86AFE00022562D /* Release */,
			);
			defaultConfigurationIsVisible = 0;
			defaultConfigurationName = Release;
		};
		07A49D431F86AFE00022562D /* Build configuration list for PBXNativeTarget "NewsApp" */ = {
			isa = XCConfigurationList;
			buildConfigurations = (
				07A49D441F86AFE00022562D /* Debug */,
				07A49D451F86AFE00022562D /* Release */,
			);
			defaultConfigurationIsVisible = 0;
			defaultConfigurationName = Release;
		};
/* End XCConfigurationList section */
	};
	rootObject = 07A49D291F86AFE00022562D /* Project object */;
}
